// !$*UTF8*$!
{
	archiveVersion = 1;
	classes = {
	};
	objectVersion = 46;
	objects = {

/* Begin PBXBuildFile section */
		B70314341E86FF4500514ED5 /* RemoveDuplicates.swift in Sources */ = {isa = PBXBuildFile; fileRef = B70314331E86FF4500514ED5 /* RemoveDuplicates.swift */; };
		B7870F121E8640750089FC1F /* MatrixRotation.swift in Sources */ = {isa = PBXBuildFile; fileRef = B7870F111E8640750089FC1F /* MatrixRotation.swift */; };
		B7870F141E86546B0089FC1F /* StringRotation.swift in Sources */ = {isa = PBXBuildFile; fileRef = B7870F131E86546B0089FC1F /* StringRotation.swift */; };
		B7870F181E869B200089FC1F /* Node.swift in Sources */ = {isa = PBXBuildFile; fileRef = B7870F171E869B200089FC1F /* Node.swift */; };
		B7870F1A1E86AAEA0089FC1F /* LinkList.swift in Sources */ = {isa = PBXBuildFile; fileRef = B7870F191E86AAEA0089FC1F /* LinkList.swift */; };
		B7F6F74B1E852FF6005AF787 /* main.swift in Sources */ = {isa = PBXBuildFile; fileRef = B7F6F74A1E852FF6005AF787 /* main.swift */; };
		B7F6F7531E853100005AF787 /* IsUnique.swift in Sources */ = {isa = PBXBuildFile; fileRef = B7F6F7521E853100005AF787 /* IsUnique.swift */; };
		B7F6F7551E853F76005AF787 /* PermutationPalindrome.swift in Sources */ = {isa = PBXBuildFile; fileRef = B7F6F7541E853F76005AF787 /* PermutationPalindrome.swift */; };
		B7F6F7571E8543AE005AF787 /* URLifyString.swift in Sources */ = {isa = PBXBuildFile; fileRef = B7F6F7561E8543AE005AF787 /* URLifyString.swift */; };
		B7F6F7591E8561F2005AF787 /* OneAway.swift in Sources */ = {isa = PBXBuildFile; fileRef = B7F6F7581E8561F2005AF787 /* OneAway.swift */; };
		B7F6F75C1E859F14005AF787 /* FindMatch.swift in Sources */ = {isa = PBXBuildFile; fileRef = B7F6F75B1E859F14005AF787 /* FindMatch.swift */; };
		B7F6F75E1E859F23005AF787 /* Insertion.swift in Sources */ = {isa = PBXBuildFile; fileRef = B7F6F75D1E859F23005AF787 /* Insertion.swift */; };
		B7F6F7601E859F2E005AF787 /* SelectionSort.swift in Sources */ = {isa = PBXBuildFile; fileRef = B7F6F75F1E859F2E005AF787 /* SelectionSort.swift */; };
		B7F6F7631E859F56005AF787 /* MatrixMultiplication.swift in Sources */ = {isa = PBXBuildFile; fileRef = B7F6F7621E859F56005AF787 /* MatrixMultiplication.swift */; };
		B7F6F7661E859F8B005AF787 /* IntegerDivision.swift in Sources */ = {isa = PBXBuildFile; fileRef = B7F6F7651E859F8B005AF787 /* IntegerDivision.swift */; };
		B7F6F77D1E85A470005AF787 /* StringCompression.swift in Sources */ = {isa = PBXBuildFile; fileRef = B7F6F77C1E85A470005AF787 /* StringCompression.swift */; };
/* End PBXBuildFile section */

/* Begin PBXCopyFilesBuildPhase section */
		B7F6F7451E852FF6005AF787 /* CopyFiles */ = {
			isa = PBXCopyFilesBuildPhase;
			buildActionMask = 2147483647;
			dstPath = /usr/share/man/man1/;
			dstSubfolderSpec = 0;
			files = (
			);
			runOnlyForDeploymentPostprocessing = 1;
		};
/* End PBXCopyFilesBuildPhase section */

/* Begin PBXFileReference section */
		B70314331E86FF4500514ED5 /* RemoveDuplicates.swift */ = {isa = PBXFileReference; fileEncoding = 4; lastKnownFileType = sourcecode.swift; path = RemoveDuplicates.swift; sourceTree = "<group>"; };
		B7870F111E8640750089FC1F /* MatrixRotation.swift */ = {isa = PBXFileReference; fileEncoding = 4; lastKnownFileType = sourcecode.swift; name = MatrixRotation.swift; path = Algorithms/Matrix/MatrixRotation.swift; sourceTree = SOURCE_ROOT; };
		B7870F131E86546B0089FC1F /* StringRotation.swift */ = {isa = PBXFileReference; fileEncoding = 4; lastKnownFileType = sourcecode.swift; path = StringRotation.swift; sourceTree = "<group>"; };
		B7870F171E869B200089FC1F /* Node.swift */ = {isa = PBXFileReference; fileEncoding = 4; lastKnownFileType = sourcecode.swift; path = Node.swift; sourceTree = "<group>"; };
		B7870F191E86AAEA0089FC1F /* LinkList.swift */ = {isa = PBXFileReference; fileEncoding = 4; lastKnownFileType = sourcecode.swift; path = LinkList.swift; sourceTree = "<group>"; };
		B7F6F7471E852FF6005AF787 /* Algorithms */ = {isa = PBXFileReference; explicitFileType = "compiled.mach-o.executable"; includeInIndex = 0; path = Algorithms; sourceTree = BUILT_PRODUCTS_DIR; };
		B7F6F74A1E852FF6005AF787 /* main.swift */ = {isa = PBXFileReference; lastKnownFileType = sourcecode.swift; path = main.swift; sourceTree = "<group>"; };
		B7F6F7521E853100005AF787 /* IsUnique.swift */ = {isa = PBXFileReference; fileEncoding = 4; lastKnownFileType = sourcecode.swift; path = IsUnique.swift; sourceTree = "<group>"; };
		B7F6F7541E853F76005AF787 /* PermutationPalindrome.swift */ = {isa = PBXFileReference; fileEncoding = 4; lastKnownFileType = sourcecode.swift; path = PermutationPalindrome.swift; sourceTree = "<group>"; };
		B7F6F7561E8543AE005AF787 /* URLifyString.swift */ = {isa = PBXFileReference; fileEncoding = 4; lastKnownFileType = sourcecode.swift; path = URLifyString.swift; sourceTree = "<group>"; };
		B7F6F7581E8561F2005AF787 /* OneAway.swift */ = {isa = PBXFileReference; fileEncoding = 4; lastKnownFileType = sourcecode.swift; path = OneAway.swift; sourceTree = "<group>"; };
		B7F6F75B1E859F14005AF787 /* FindMatch.swift */ = {isa = PBXFileReference; fileEncoding = 4; lastKnownFileType = sourcecode.swift; path = FindMatch.swift; sourceTree = "<group>"; };
		B7F6F75D1E859F23005AF787 /* Insertion.swift */ = {isa = PBXFileReference; fileEncoding = 4; lastKnownFileType = sourcecode.swift; path = Insertion.swift; sourceTree = "<group>"; };
		B7F6F75F1E859F2E005AF787 /* SelectionSort.swift */ = {isa = PBXFileReference; fileEncoding = 4; lastKnownFileType = sourcecode.swift; path = SelectionSort.swift; sourceTree = "<group>"; };
		B7F6F7621E859F56005AF787 /* MatrixMultiplication.swift */ = {isa = PBXFileReference; fileEncoding = 4; lastKnownFileType = sourcecode.swift; path = MatrixMultiplication.swift; sourceTree = "<group>"; };
		B7F6F7651E859F8B005AF787 /* IntegerDivision.swift */ = {isa = PBXFileReference; fileEncoding = 4; lastKnownFileType = sourcecode.swift; path = IntegerDivision.swift; sourceTree = "<group>"; };
		B7F6F77C1E85A470005AF787 /* StringCompression.swift */ = {isa = PBXFileReference; fileEncoding = 4; lastKnownFileType = sourcecode.swift; path = StringCompression.swift; sourceTree = "<group>"; };
/* End PBXFileReference section */

/* Begin PBXFrameworksBuildPhase section */
		B7F6F7441E852FF6005AF787 /* Frameworks */ = {
			isa = PBXFrameworksBuildPhase;
			buildActionMask = 2147483647;
			files = (
			);
			runOnlyForDeploymentPostprocessing = 0;
		};
/* End PBXFrameworksBuildPhase section */

/* Begin PBXGroup section */
		B7870F161E8664100089FC1F /* Linklist */ = {
			isa = PBXGroup;
			children = (
				B7870F171E869B200089FC1F /* Node.swift */,
				B7870F191E86AAEA0089FC1F /* LinkList.swift */,
				B70314331E86FF4500514ED5 /* RemoveDuplicates.swift */,
			);
			path = Linklist;
			sourceTree = "<group>";
		};
		B7F6F73E1E852FF6005AF787 = {
			isa = PBXGroup;
			children = (
				B7F6F7491E852FF6005AF787 /* Algorithms */,
				B7F6F7481E852FF6005AF787 /* Products */,
			);
			sourceTree = "<group>";
		};
		B7F6F7481E852FF6005AF787 /* Products */ = {
			isa = PBXGroup;
			children = (
				B7F6F7471E852FF6005AF787 /* Algorithms */,
			);
			name = Products;
			sourceTree = "<group>";
		};
		B7F6F7491E852FF6005AF787 /* Algorithms */ = {
			isa = PBXGroup;
			children = (
				B7870F161E8664100089FC1F /* Linklist */,
				B7F6F7641E859F74005AF787 /* Maths */,
				B7F6F7611E859F4A005AF787 /* Matrix */,
				B7F6F75A1E859EEC005AF787 /* Sorting */,
				B7F6F7511E853003005AF787 /* Arrays and Strings */,
				B7F6F74A1E852FF6005AF787 /* main.swift */,
			);
			path = Algorithms;
			sourceTree = "<group>";
		};
		B7F6F7511E853003005AF787 /* Arrays and Strings */ = {
			isa = PBXGroup;
			children = (
				B7F6F75B1E859F14005AF787 /* FindMatch.swift */,
				B7F6F7521E853100005AF787 /* IsUnique.swift */,
				B7F6F7541E853F76005AF787 /* PermutationPalindrome.swift */,
				B7F6F7561E8543AE005AF787 /* URLifyString.swift */,
				B7F6F7581E8561F2005AF787 /* OneAway.swift */,
				B7F6F77C1E85A470005AF787 /* StringCompression.swift */,
				B7870F131E86546B0089FC1F /* StringRotation.swift */,
			);
			path = "Arrays and Strings";
			sourceTree = "<group>";
		};
		B7F6F75A1E859EEC005AF787 /* Sorting */ = {
			isa = PBXGroup;
			children = (
				B7F6F75F1E859F2E005AF787 /* SelectionSort.swift */,
				B7F6F75D1E859F23005AF787 /* Insertion.swift */,
			);
			path = Sorting;
			sourceTree = "<group>";
		};
		B7F6F7611E859F4A005AF787 /* Matrix */ = {
			isa = PBXGroup;
			children = (
				B7F6F7621E859F56005AF787 /* MatrixMultiplication.swift */,
				B7870F111E8640750089FC1F /* MatrixRotation.swift */,
			);
			path = Matrix;
			sourceTree = "<group>";
		};
		B7F6F7641E859F74005AF787 /* Maths */ = {
			isa = PBXGroup;
			children = (
				B7F6F7651E859F8B005AF787 /* IntegerDivision.swift */,
			);
			path = Maths;
			sourceTree = "<group>";
		};
/* End PBXGroup section */

/* Begin PBXNativeTarget section */
		B7F6F7461E852FF6005AF787 /* Algorithms */ = {
			isa = PBXNativeTarget;
			buildConfigurationList = B7F6F74E1E852FF6005AF787 /* Build configuration list for PBXNativeTarget "Algorithms" */;
			buildPhases = (
				B7F6F7431E852FF6005AF787 /* Sources */,
				B7F6F7441E852FF6005AF787 /* Frameworks */,
				B7F6F7451E852FF6005AF787 /* CopyFiles */,
			);
			buildRules = (
			);
			dependencies = (
			);
			name = Algorithms;
			productName = Algorithms;
			productReference = B7F6F7471E852FF6005AF787 /* Algorithms */;
			productType = "com.apple.product-type.tool";
		};
/* End PBXNativeTarget section */

/* Begin PBXProject section */
		B7F6F73F1E852FF6005AF787 /* Project object */ = {
			isa = PBXProject;
			attributes = {
				LastSwiftUpdateCheck = 0820;
				LastUpgradeCheck = 0820;
				ORGANIZATIONNAME = "Rahul Ranjan";
				TargetAttributes = {
					B7F6F7461E852FF6005AF787 = {
						CreatedOnToolsVersion = 8.2.1;
						ProvisioningStyle = Automatic;
					};
				};
			};
			buildConfigurationList = B7F6F7421E852FF6005AF787 /* Build configuration list for PBXProject "Algorithms" */;
			compatibilityVersion = "Xcode 3.2";
			developmentRegion = English;
			hasScannedForEncodings = 0;
			knownRegions = (
				en,
			);
			mainGroup = B7F6F73E1E852FF6005AF787;
			productRefGroup = B7F6F7481E852FF6005AF787 /* Products */;
			projectDirPath = "";
			projectRoot = "";
			targets = (
				B7F6F7461E852FF6005AF787 /* Algorithms */,
			);
		};
/* End PBXProject section */

/* Begin PBXSourcesBuildPhase section */
		B7F6F7431E852FF6005AF787 /* Sources */ = {
			isa = PBXSourcesBuildPhase;
			buildActionMask = 2147483647;
			files = (
				B7F6F77D1E85A470005AF787 /* StringCompression.swift in Sources */,
				B7F6F7631E859F56005AF787 /* MatrixMultiplication.swift in Sources */,
				B7F6F7531E853100005AF787 /* IsUnique.swift in Sources */,
				B7F6F74B1E852FF6005AF787 /* main.swift in Sources */,
				B7870F121E8640750089FC1F /* MatrixRotation.swift in Sources */,
				B7F6F75C1E859F14005AF787 /* FindMatch.swift in Sources */,
				B7F6F7591E8561F2005AF787 /* OneAway.swift in Sources */,
				B7870F1A1E86AAEA0089FC1F /* LinkList.swift in Sources */,
				B7F6F7601E859F2E005AF787 /* SelectionSort.swift in Sources */,
				B7F6F75E1E859F23005AF787 /* Insertion.swift in Sources */,
				B7F6F7551E853F76005AF787 /* PermutationPalindrome.swift in Sources */,
				B7870F141E86546B0089FC1F /* StringRotation.swift in Sources */,
				B7F6F7571E8543AE005AF787 /* URLifyString.swift in Sources */,
				B7F6F7661E859F8B005AF787 /* IntegerDivision.swift in Sources */,
				B70314341E86FF4500514ED5 /* RemoveDuplicates.swift in Sources */,
				B7870F181E869B200089FC1F /* Node.swift in Sources */,
			);
			runOnlyForDeploymentPostprocessing = 0;
		};
/* End PBXSourcesBuildPhase section */

/* Begin XCBuildConfiguration section */
		B7F6F74C1E852FF6005AF787 /* Debug */ = {
			isa = XCBuildConfiguration;
			buildSettings = {
				ALWAYS_SEARCH_USER_PATHS = NO;
				CLANG_ANALYZER_NONNULL = YES;
				CLANG_CXX_LANGUAGE_STANDARD = "gnu++0x";
				CLANG_CXX_LIBRARY = "libc++";
				CLANG_ENABLE_MODULES = YES;
				CLANG_ENABLE_OBJC_ARC = YES;
				CLANG_WARN_BOOL_CONVERSION = YES;
				CLANG_WARN_CONSTANT_CONVERSION = YES;
				CLANG_WARN_DIRECT_OBJC_ISA_USAGE = YES_ERROR;
				CLANG_WARN_DOCUMENTATION_COMMENTS = YES;
				CLANG_WARN_EMPTY_BODY = YES;
				CLANG_WARN_ENUM_CONVERSION = YES;
				CLANG_WARN_INFINITE_RECURSION = YES;
				CLANG_WARN_INT_CONVERSION = YES;
				CLANG_WARN_OBJC_ROOT_CLASS = YES_ERROR;
				CLANG_WARN_SUSPICIOUS_MOVE = YES;
				CLANG_WARN_UNREACHABLE_CODE = YES;
				CLANG_WARN__DUPLICATE_METHOD_MATCH = YES;
				CODE_SIGN_IDENTITY = "-";
				COPY_PHASE_STRIP = NO;
				DEBUG_INFORMATION_FORMAT = dwarf;
				ENABLE_STRICT_OBJC_MSGSEND = YES;
				ENABLE_TESTABILITY = YES;
				GCC_C_LANGUAGE_STANDARD = gnu99;
				GCC_DYNAMIC_NO_PIC = NO;
				GCC_NO_COMMON_BLOCKS = YES;
				GCC_OPTIMIZATION_LEVEL = 0;
				GCC_PREPROCESSOR_DEFINITIONS = (
					"DEBUG=1",
					"$(inherited)",
				);
				GCC_WARN_64_TO_32_BIT_CONVERSION = YES;
				GCC_WARN_ABOUT_RETURN_TYPE = YES_ERROR;
				GCC_WARN_UNDECLARED_SELECTOR = YES;
				GCC_WARN_UNINITIALIZED_AUTOS = YES_AGGRESSIVE;
				GCC_WARN_UNUSED_FUNCTION = YES;
				GCC_WARN_UNUSED_VARIABLE = YES;
				MACOSX_DEPLOYMENT_TARGET = 10.12;
				MTL_ENABLE_DEBUG_INFO = YES;
				ONLY_ACTIVE_ARCH = YES;
				SDKROOT = macosx;
				SWIFT_OPTIMIZATION_LEVEL = "-Onone";
			};
			name = Debug;
		};
		B7F6F74D1E852FF6005AF787 /* Release */ = {
			isa = XCBuildConfiguration;
			buildSettings = {
				ALWAYS_SEARCH_USER_PATHS = NO;
				CLANG_ANALYZER_NONNULL = YES;
				CLANG_CXX_LANGUAGE_STANDARD = "gnu++0x";
				CLANG_CXX_LIBRARY = "libc++";
				CLANG_ENABLE_MODULES = YES;
				CLANG_ENABLE_OBJC_ARC = YES;
				CLANG_WARN_BOOL_CONVERSION = YES;
				CLANG_WARN_CONSTANT_CONVERSION = YES;
				CLANG_WARN_DIRECT_OBJC_ISA_USAGE = YES_ERROR;
				CLANG_WARN_DOCUMENTATION_COMMENTS = YES;
				CLANG_WARN_EMPTY_BODY = YES;
				CLANG_WARN_ENUM_CONVERSION = YES;
				CLANG_WARN_INFINITE_RECURSION = YES;
				CLANG_WARN_INT_CONVERSION = YES;
				CLANG_WARN_OBJC_ROOT_CLASS = YES_ERROR;
				CLANG_WARN_SUSPICIOUS_MOVE = YES;
				CLANG_WARN_UNREACHABLE_CODE = YES;
				CLANG_WARN__DUPLICATE_METHOD_MATCH = YES;
				CODE_SIGN_IDENTITY = "-";
				COPY_PHASE_STRIP = NO;
				DEBUG_INFORMATION_FORMAT = "dwarf-with-dsym";
				ENABLE_NS_ASSERTIONS = NO;
				ENABLE_STRICT_OBJC_MSGSEND = YES;
				GCC_C_LANGUAGE_STANDARD = gnu99;
				GCC_NO_COMMON_BLOCKS = YES;
				GCC_WARN_64_TO_32_BIT_CONVERSION = YES;
				GCC_WARN_ABOUT_RETURN_TYPE = YES_ERROR;
				GCC_WARN_UNDECLARED_SELECTOR = YES;
				GCC_WARN_UNINITIALIZED_AUTOS = YES_AGGRESSIVE;
				GCC_WARN_UNUSED_FUNCTION = YES;
				GCC_WARN_UNUSED_VARIABLE = YES;
				MACOSX_DEPLOYMENT_TARGET = 10.12;
				MTL_ENABLE_DEBUG_INFO = NO;
				SDKROOT = macosx;
			};
			name = Release;
		};
		B7F6F74F1E852FF6005AF787 /* Debug */ = {
			isa = XCBuildConfiguration;
			buildSettings = {
				PRODUCT_NAME = "$(TARGET_NAME)";
				SWIFT_VERSION = 3.0;
			};
			name = Debug;
		};
		B7F6F7501E852FF6005AF787 /* Release */ = {
			isa = XCBuildConfiguration;
			buildSettings = {
				PRODUCT_NAME = "$(TARGET_NAME)";
				SWIFT_VERSION = 3.0;
			};
			name = Release;
		};
/* End XCBuildConfiguration section */

/* Begin XCConfigurationList section */
		B7F6F7421E852FF6005AF787 /* Build configuration list for PBXProject "Algorithms" */ = {
			isa = XCConfigurationList;
			buildConfigurations = (
				B7F6F74C1E852FF6005AF787 /* Debug */,
				B7F6F74D1E852FF6005AF787 /* Release */,
			);
			defaultConfigurationIsVisible = 0;
			defaultConfigurationName = Release;
		};
		B7F6F74E1E852FF6005AF787 /* Build configuration list for PBXNativeTarget "Algorithms" */ = {
			isa = XCConfigurationList;
			buildConfigurations = (
				B7F6F74F1E852FF6005AF787 /* Debug */,
				B7F6F7501E852FF6005AF787 /* Release */,
			);
			defaultConfigurationIsVisible = 0;
			defaultConfigurationName = Release;
		};
/* End XCConfigurationList section */
	};
	rootObject = B7F6F73F1E852FF6005AF787 /* Project object */;
}
