// !$*UTF8*$!
{
	archiveVersion = 1;
	classes = {
	};
	objectVersion = 46;
	objects = {

/* Begin PBXBuildFile section */
		B70314341E86FF4500514ED5 /* RemoveDuplicates.swift in Sources */ = {isa = PBXBuildFile; fileRef = B70314331E86FF4500514ED5 /* RemoveDuplicates.swift */; };
		B7246E171E9D13C500A756B1 /* FloyadWarshall.swift in Sources */ = {isa = PBXBuildFile; fileRef = B7246E161E9D13C500A756B1 /* FloyadWarshall.swift */; };
		B7253BCB1E89033C00514FCC /* Stack.swift in Sources */ = {isa = PBXBuildFile; fileRef = B7253BCA1E89033C00514FCC /* Stack.swift */; };
		B7253BCD1E89034800514FCC /* Queue.swift in Sources */ = {isa = PBXBuildFile; fileRef = B7253BCC1E89034800514FCC /* Queue.swift */; };
		B7253BCF1E8930AC00514FCC /* ThreeStackArray.swift in Sources */ = {isa = PBXBuildFile; fileRef = B7253BCE1E8930AC00514FCC /* ThreeStackArray.swift */; };
		B7253BD11E89422F00514FCC /* StackMin.swift in Sources */ = {isa = PBXBuildFile; fileRef = B7253BD01E89422F00514FCC /* StackMin.swift */; };
		B745FD251E870B39009E548A /* ReturnKTHLast.swift in Sources */ = {isa = PBXBuildFile; fileRef = B745FD241E870B39009E548A /* ReturnKTHLast.swift */; };
		B745FD271E87214B009E548A /* DeleteMiddleNode.swift in Sources */ = {isa = PBXBuildFile; fileRef = B745FD261E87214B009E548A /* DeleteMiddleNode.swift */; };
		B745FD291E8724EC009E548A /* Partition.swift in Sources */ = {isa = PBXBuildFile; fileRef = B745FD281E8724EC009E548A /* Partition.swift */; };
		B745FD2B1E873460009E548A /* SumLists.swift in Sources */ = {isa = PBXBuildFile; fileRef = B745FD2A1E873460009E548A /* SumLists.swift */; };
		B745FD2D1E878888009E548A /* LoopDetection.swift in Sources */ = {isa = PBXBuildFile; fileRef = B745FD2C1E878888009E548A /* LoopDetection.swift */; };
		B745FD301E87A4FE009E548A /* DetectIntersection.swift in Sources */ = {isa = PBXBuildFile; fileRef = B745FD2F1E87A4FE009E548A /* DetectIntersection.swift */; };
		B745FD321E87E4EA009E548A /* PalindromeLL.swift in Sources */ = {isa = PBXBuildFile; fileRef = B745FD311E87E4EA009E548A /* PalindromeLL.swift */; };
		B75835531E9A11FF00D55E1A /* BellmanFord.swift in Sources */ = {isa = PBXBuildFile; fileRef = B75835521E9A11FF00D55E1A /* BellmanFord.swift */; };
		B7870F121E8640750089FC1F /* MatrixRotation.swift in Sources */ = {isa = PBXBuildFile; fileRef = B7870F111E8640750089FC1F /* MatrixRotation.swift */; };
		B7870F141E86546B0089FC1F /* StringRotation.swift in Sources */ = {isa = PBXBuildFile; fileRef = B7870F131E86546B0089FC1F /* StringRotation.swift */; };
		B7870F181E869B200089FC1F /* Node.swift in Sources */ = {isa = PBXBuildFile; fileRef = B7870F171E869B200089FC1F /* Node.swift */; };
		B7870F1A1E86AAEA0089FC1F /* LinkList.swift in Sources */ = {isa = PBXBuildFile; fileRef = B7870F191E86AAEA0089FC1F /* LinkList.swift */; };
		B79B8A2F1E8D6FB6000AE107 /* MinimalTree.swift in Sources */ = {isa = PBXBuildFile; fileRef = B79B8A2E1E8D6FB6000AE107 /* MinimalTree.swift */; };
		B79C48701E914CBA001C9E4C /* InorderSuccessor.swift in Sources */ = {isa = PBXBuildFile; fileRef = B79C486F1E914CBA001C9E4C /* InorderSuccessor.swift */; };
		B79C48721E91633D001C9E4C /* CommonAncestor.swift in Sources */ = {isa = PBXBuildFile; fileRef = B79C48711E91633D001C9E4C /* CommonAncestor.swift */; };
		B79C48741E9223F0001C9E4C /* BSTSequence.swift in Sources */ = {isa = PBXBuildFile; fileRef = B79C48731E9223F0001C9E4C /* BSTSequence.swift */; };
		B79C48761E92240D001C9E4C /* BuildOrder.swift in Sources */ = {isa = PBXBuildFile; fileRef = B79C48751E92240D001C9E4C /* BuildOrder.swift */; };
		B79C48781E92C426001C9E4C /* CheckSubtree.swift in Sources */ = {isa = PBXBuildFile; fileRef = B79C48771E92C426001C9E4C /* CheckSubtree.swift */; };
		B79C487A1E92D075001C9E4C /* RandomNumber.swift in Sources */ = {isa = PBXBuildFile; fileRef = B79C48791E92D075001C9E4C /* RandomNumber.swift */; };
		B79C487D1E937B77001C9E4C /* Fibonacci.swift in Sources */ = {isa = PBXBuildFile; fileRef = B79C487C1E937B77001C9E4C /* Fibonacci.swift */; };
		B79C487F1E937B93001C9E4C /* TripleStep.swift in Sources */ = {isa = PBXBuildFile; fileRef = B79C487E1E937B93001C9E4C /* TripleStep.swift */; };
		B79C48811E93ADC8001C9E4C /* RobotInAGrid.swift in Sources */ = {isa = PBXBuildFile; fileRef = B79C48801E93ADC8001C9E4C /* RobotInAGrid.swift */; };
		B79C48841E94C908001C9E4C /* ConnectedComponent.swift in Sources */ = {isa = PBXBuildFile; fileRef = B79C48831E94C908001C9E4C /* ConnectedComponent.swift */; };
		B79C48861E94CBDB001C9E4C /* UnionFindUndirected.swift in Sources */ = {isa = PBXBuildFile; fileRef = B79C48851E94CBDB001C9E4C /* UnionFindUndirected.swift */; };
		B79C48881E94DEC1001C9E4C /* Kruskal.swift in Sources */ = {isa = PBXBuildFile; fileRef = B79C48871E94DEC1001C9E4C /* Kruskal.swift */; };
		B79C48A01E961D3B001C9E4C /* PriorityQueue.swift in Sources */ = {isa = PBXBuildFile; fileRef = B79C489F1E961D3B001C9E4C /* PriorityQueue.swift */; };
		B7A0D54F1E9B6D66004D4DBA /* Dijkstra.swift in Sources */ = {isa = PBXBuildFile; fileRef = B7A0D54E1E9B6D66004D4DBA /* Dijkstra.swift */; };
		B7D19F991E8A7B7100AE628C /* Tree.swift in Sources */ = {isa = PBXBuildFile; fileRef = B7D19F981E8A7B7100AE628C /* Tree.swift */; };
		B7D19F9B1E8A9AC300AE628C /* Graph.swift in Sources */ = {isa = PBXBuildFile; fileRef = B7D19F9A1E8A9AC300AE628C /* Graph.swift */; };
		B7D19F9E1E8AA00200AE628C /* Vertex.swift in Sources */ = {isa = PBXBuildFile; fileRef = B7D19F9D1E8AA00200AE628C /* Vertex.swift */; };
		B7D19FA01E8AA15400AE628C /* Edge.swift in Sources */ = {isa = PBXBuildFile; fileRef = B7D19F9F1E8AA15400AE628C /* Edge.swift */; };
		B7D19FA21E8AC5A000AE628C /* Graphable.swift in Sources */ = {isa = PBXBuildFile; fileRef = B7D19FA11E8AC5A000AE628C /* Graphable.swift */; };
		B7D19FA41E8B7EF100AE628C /* AdjacencyList.swift in Sources */ = {isa = PBXBuildFile; fileRef = B7D19FA31E8B7EF100AE628C /* AdjacencyList.swift */; };
		B7D19FA61E8B9A0C00AE628C /* DFS.swift in Sources */ = {isa = PBXBuildFile; fileRef = B7D19FA51E8B9A0C00AE628C /* DFS.swift */; };
		B7D19FA81E8BAEEC00AE628C /* BFS.swift in Sources */ = {isa = PBXBuildFile; fileRef = B7D19FA71E8BAEEC00AE628C /* BFS.swift */; };
		B7D19FAA1E8BBA9C00AE628C /* PathBetweenVertex.swift in Sources */ = {isa = PBXBuildFile; fileRef = B7D19FA91E8BBA9C00AE628C /* PathBetweenVertex.swift */; };
		B7D19FAC1E8BCEA200AE628C /* BST.swift in Sources */ = {isa = PBXBuildFile; fileRef = B7D19FAB1E8BCEA200AE628C /* BST.swift */; };
		B7D7939B1E96441F00CB5853 /* Prims.swift in Sources */ = {isa = PBXBuildFile; fileRef = B7D7939A1E96441F00CB5853 /* Prims.swift */; };
		B7DD87721E8E279C00179DA3 /* IsBST.swift in Sources */ = {isa = PBXBuildFile; fileRef = B7DD87711E8E279C00179DA3 /* IsBST.swift */; };
		B7DD87741E8E6C9200179DA3 /* ListOfDepth.swift in Sources */ = {isa = PBXBuildFile; fileRef = B7DD87731E8E6C9200179DA3 /* ListOfDepth.swift */; };
		B7DD87761E8F9C3100179DA3 /* IsBalanced.swift in Sources */ = {isa = PBXBuildFile; fileRef = B7DD87751E8F9C3100179DA3 /* IsBalanced.swift */; };
		B7F6F74B1E852FF6005AF787 /* main.swift in Sources */ = {isa = PBXBuildFile; fileRef = B7F6F74A1E852FF6005AF787 /* main.swift */; };
		B7F6F7531E853100005AF787 /* IsUnique.swift in Sources */ = {isa = PBXBuildFile; fileRef = B7F6F7521E853100005AF787 /* IsUnique.swift */; };
		B7F6F7551E853F76005AF787 /* PermutationPalindrome.swift in Sources */ = {isa = PBXBuildFile; fileRef = B7F6F7541E853F76005AF787 /* PermutationPalindrome.swift */; };
		B7F6F7571E8543AE005AF787 /* URLifyString.swift in Sources */ = {isa = PBXBuildFile; fileRef = B7F6F7561E8543AE005AF787 /* URLifyString.swift */; };
		B7F6F7591E8561F2005AF787 /* OneAway.swift in Sources */ = {isa = PBXBuildFile; fileRef = B7F6F7581E8561F2005AF787 /* OneAway.swift */; };
		B7F6F75C1E859F14005AF787 /* FindMatch.swift in Sources */ = {isa = PBXBuildFile; fileRef = B7F6F75B1E859F14005AF787 /* FindMatch.swift */; };
		B7F6F75E1E859F23005AF787 /* Insertion.swift in Sources */ = {isa = PBXBuildFile; fileRef = B7F6F75D1E859F23005AF787 /* Insertion.swift */; };
		B7F6F7601E859F2E005AF787 /* SelectionSort.swift in Sources */ = {isa = PBXBuildFile; fileRef = B7F6F75F1E859F2E005AF787 /* SelectionSort.swift */; };
		B7F6F7631E859F56005AF787 /* MatrixMultiplication.swift in Sources */ = {isa = PBXBuildFile; fileRef = B7F6F7621E859F56005AF787 /* MatrixMultiplication.swift */; };
		B7F6F7661E859F8B005AF787 /* IntegerDivision.swift in Sources */ = {isa = PBXBuildFile; fileRef = B7F6F7651E859F8B005AF787 /* IntegerDivision.swift */; };
		B7F6F77D1E85A470005AF787 /* StringCompression.swift in Sources */ = {isa = PBXBuildFile; fileRef = B7F6F77C1E85A470005AF787 /* StringCompression.swift */; };
/* End PBXBuildFile section */

/* Begin PBXCopyFilesBuildPhase section */
		B7F6F7451E852FF6005AF787 /* CopyFiles */ = {
			isa = PBXCopyFilesBuildPhase;
			buildActionMask = 2147483647;
			dstPath = /usr/share/man/man1/;
			dstSubfolderSpec = 0;
			files = (
			);
			runOnlyForDeploymentPostprocessing = 1;
		};
/* End PBXCopyFilesBuildPhase section */

/* Begin PBXFileReference section */
		B70314331E86FF4500514ED5 /* RemoveDuplicates.swift */ = {isa = PBXFileReference; fileEncoding = 4; lastKnownFileType = sourcecode.swift; path = RemoveDuplicates.swift; sourceTree = "<group>"; };
		B7246E161E9D13C500A756B1 /* FloyadWarshall.swift */ = {isa = PBXFileReference; fileEncoding = 4; lastKnownFileType = sourcecode.swift; path = FloyadWarshall.swift; sourceTree = "<group>"; };
		B7253BCA1E89033C00514FCC /* Stack.swift */ = {isa = PBXFileReference; fileEncoding = 4; lastKnownFileType = sourcecode.swift; path = Stack.swift; sourceTree = "<group>"; };
		B7253BCC1E89034800514FCC /* Queue.swift */ = {isa = PBXFileReference; fileEncoding = 4; lastKnownFileType = sourcecode.swift; path = Queue.swift; sourceTree = "<group>"; };
		B7253BCE1E8930AC00514FCC /* ThreeStackArray.swift */ = {isa = PBXFileReference; fileEncoding = 4; lastKnownFileType = sourcecode.swift; path = ThreeStackArray.swift; sourceTree = "<group>"; };
		B7253BD01E89422F00514FCC /* StackMin.swift */ = {isa = PBXFileReference; fileEncoding = 4; lastKnownFileType = sourcecode.swift; path = StackMin.swift; sourceTree = "<group>"; };
		B745FD241E870B39009E548A /* ReturnKTHLast.swift */ = {isa = PBXFileReference; fileEncoding = 4; lastKnownFileType = sourcecode.swift; path = ReturnKTHLast.swift; sourceTree = "<group>"; };
		B745FD261E87214B009E548A /* DeleteMiddleNode.swift */ = {isa = PBXFileReference; fileEncoding = 4; lastKnownFileType = sourcecode.swift; path = DeleteMiddleNode.swift; sourceTree = "<group>"; };
		B745FD281E8724EC009E548A /* Partition.swift */ = {isa = PBXFileReference; fileEncoding = 4; lastKnownFileType = sourcecode.swift; path = Partition.swift; sourceTree = "<group>"; };
		B745FD2A1E873460009E548A /* SumLists.swift */ = {isa = PBXFileReference; fileEncoding = 4; lastKnownFileType = sourcecode.swift; path = SumLists.swift; sourceTree = "<group>"; };
		B745FD2C1E878888009E548A /* LoopDetection.swift */ = {isa = PBXFileReference; fileEncoding = 4; lastKnownFileType = sourcecode.swift; path = LoopDetection.swift; sourceTree = "<group>"; };
		B745FD2F1E87A4FE009E548A /* DetectIntersection.swift */ = {isa = PBXFileReference; fileEncoding = 4; lastKnownFileType = sourcecode.swift; path = DetectIntersection.swift; sourceTree = "<group>"; };
		B745FD311E87E4EA009E548A /* PalindromeLL.swift */ = {isa = PBXFileReference; fileEncoding = 4; lastKnownFileType = sourcecode.swift; path = PalindromeLL.swift; sourceTree = "<group>"; };
		B75835521E9A11FF00D55E1A /* BellmanFord.swift */ = {isa = PBXFileReference; fileEncoding = 4; lastKnownFileType = sourcecode.swift; path = BellmanFord.swift; sourceTree = "<group>"; };
		B7870F111E8640750089FC1F /* MatrixRotation.swift */ = {isa = PBXFileReference; fileEncoding = 4; lastKnownFileType = sourcecode.swift; name = MatrixRotation.swift; path = Algorithms/Matrix/MatrixRotation.swift; sourceTree = SOURCE_ROOT; };
		B7870F131E86546B0089FC1F /* StringRotation.swift */ = {isa = PBXFileReference; fileEncoding = 4; lastKnownFileType = sourcecode.swift; path = StringRotation.swift; sourceTree = "<group>"; };
		B7870F171E869B200089FC1F /* Node.swift */ = {isa = PBXFileReference; fileEncoding = 4; lastKnownFileType = sourcecode.swift; path = Node.swift; sourceTree = "<group>"; };
		B7870F191E86AAEA0089FC1F /* LinkList.swift */ = {isa = PBXFileReference; fileEncoding = 4; lastKnownFileType = sourcecode.swift; path = LinkList.swift; sourceTree = "<group>"; };
		B79B8A2E1E8D6FB6000AE107 /* MinimalTree.swift */ = {isa = PBXFileReference; fileEncoding = 4; lastKnownFileType = sourcecode.swift; path = MinimalTree.swift; sourceTree = "<group>"; };
		B79C486F1E914CBA001C9E4C /* InorderSuccessor.swift */ = {isa = PBXFileReference; fileEncoding = 4; lastKnownFileType = sourcecode.swift; path = InorderSuccessor.swift; sourceTree = "<group>"; };
		B79C48711E91633D001C9E4C /* CommonAncestor.swift */ = {isa = PBXFileReference; fileEncoding = 4; lastKnownFileType = sourcecode.swift; path = CommonAncestor.swift; sourceTree = "<group>"; };
		B79C48731E9223F0001C9E4C /* BSTSequence.swift */ = {isa = PBXFileReference; fileEncoding = 4; lastKnownFileType = sourcecode.swift; path = BSTSequence.swift; sourceTree = "<group>"; };
		B79C48751E92240D001C9E4C /* BuildOrder.swift */ = {isa = PBXFileReference; fileEncoding = 4; lastKnownFileType = sourcecode.swift; path = BuildOrder.swift; sourceTree = "<group>"; };
		B79C48771E92C426001C9E4C /* CheckSubtree.swift */ = {isa = PBXFileReference; fileEncoding = 4; lastKnownFileType = sourcecode.swift; path = CheckSubtree.swift; sourceTree = "<group>"; };
		B79C48791E92D075001C9E4C /* RandomNumber.swift */ = {isa = PBXFileReference; fileEncoding = 4; lastKnownFileType = sourcecode.swift; path = RandomNumber.swift; sourceTree = "<group>"; };
		B79C487C1E937B77001C9E4C /* Fibonacci.swift */ = {isa = PBXFileReference; fileEncoding = 4; lastKnownFileType = sourcecode.swift; path = Fibonacci.swift; sourceTree = "<group>"; };
		B79C487E1E937B93001C9E4C /* TripleStep.swift */ = {isa = PBXFileReference; fileEncoding = 4; lastKnownFileType = sourcecode.swift; path = TripleStep.swift; sourceTree = "<group>"; };
		B79C48801E93ADC8001C9E4C /* RobotInAGrid.swift */ = {isa = PBXFileReference; fileEncoding = 4; lastKnownFileType = sourcecode.swift; path = RobotInAGrid.swift; sourceTree = "<group>"; };
		B79C48831E94C908001C9E4C /* ConnectedComponent.swift */ = {isa = PBXFileReference; fileEncoding = 4; lastKnownFileType = sourcecode.swift; path = ConnectedComponent.swift; sourceTree = "<group>"; };
		B79C48851E94CBDB001C9E4C /* UnionFindUndirected.swift */ = {isa = PBXFileReference; fileEncoding = 4; lastKnownFileType = sourcecode.swift; path = UnionFindUndirected.swift; sourceTree = "<group>"; };
		B79C48871E94DEC1001C9E4C /* Kruskal.swift */ = {isa = PBXFileReference; fileEncoding = 4; lastKnownFileType = sourcecode.swift; path = Kruskal.swift; sourceTree = "<group>"; };
		B79C489F1E961D3B001C9E4C /* PriorityQueue.swift */ = {isa = PBXFileReference; fileEncoding = 4; lastKnownFileType = sourcecode.swift; name = PriorityQueue.swift; path = "Algorithms/Tree and Graph/PriorityQueue.swift"; sourceTree = SOURCE_ROOT; };
		B7A0D54E1E9B6D66004D4DBA /* Dijkstra.swift */ = {isa = PBXFileReference; fileEncoding = 4; lastKnownFileType = sourcecode.swift; path = Dijkstra.swift; sourceTree = "<group>"; };
		B7D19F981E8A7B7100AE628C /* Tree.swift */ = {isa = PBXFileReference; fileEncoding = 4; lastKnownFileType = sourcecode.swift; path = Tree.swift; sourceTree = "<group>"; };
		B7D19F9A1E8A9AC300AE628C /* Graph.swift */ = {isa = PBXFileReference; fileEncoding = 4; lastKnownFileType = sourcecode.swift; path = Graph.swift; sourceTree = "<group>"; };
		B7D19F9D1E8AA00200AE628C /* Vertex.swift */ = {isa = PBXFileReference; fileEncoding = 4; lastKnownFileType = sourcecode.swift; path = Vertex.swift; sourceTree = "<group>"; };
		B7D19F9F1E8AA15400AE628C /* Edge.swift */ = {isa = PBXFileReference; fileEncoding = 4; lastKnownFileType = sourcecode.swift; path = Edge.swift; sourceTree = "<group>"; };
		B7D19FA11E8AC5A000AE628C /* Graphable.swift */ = {isa = PBXFileReference; fileEncoding = 4; lastKnownFileType = sourcecode.swift; path = Graphable.swift; sourceTree = "<group>"; };
		B7D19FA31E8B7EF100AE628C /* AdjacencyList.swift */ = {isa = PBXFileReference; fileEncoding = 4; lastKnownFileType = sourcecode.swift; path = AdjacencyList.swift; sourceTree = "<group>"; };
		B7D19FA51E8B9A0C00AE628C /* DFS.swift */ = {isa = PBXFileReference; fileEncoding = 4; lastKnownFileType = sourcecode.swift; path = DFS.swift; sourceTree = "<group>"; };
		B7D19FA71E8BAEEC00AE628C /* BFS.swift */ = {isa = PBXFileReference; fileEncoding = 4; lastKnownFileType = sourcecode.swift; path = BFS.swift; sourceTree = "<group>"; };
		B7D19FA91E8BBA9C00AE628C /* PathBetweenVertex.swift */ = {isa = PBXFileReference; fileEncoding = 4; lastKnownFileType = sourcecode.swift; path = PathBetweenVertex.swift; sourceTree = "<group>"; };
		B7D19FAB1E8BCEA200AE628C /* BST.swift */ = {isa = PBXFileReference; fileEncoding = 4; lastKnownFileType = sourcecode.swift; path = BST.swift; sourceTree = "<group>"; };
		B7D7939A1E96441F00CB5853 /* Prims.swift */ = {isa = PBXFileReference; fileEncoding = 4; lastKnownFileType = sourcecode.swift; path = Prims.swift; sourceTree = "<group>"; };
		B7DD87711E8E279C00179DA3 /* IsBST.swift */ = {isa = PBXFileReference; fileEncoding = 4; lastKnownFileType = sourcecode.swift; path = IsBST.swift; sourceTree = "<group>"; };
		B7DD87731E8E6C9200179DA3 /* ListOfDepth.swift */ = {isa = PBXFileReference; fileEncoding = 4; lastKnownFileType = sourcecode.swift; path = ListOfDepth.swift; sourceTree = "<group>"; };
		B7DD87751E8F9C3100179DA3 /* IsBalanced.swift */ = {isa = PBXFileReference; fileEncoding = 4; lastKnownFileType = sourcecode.swift; path = IsBalanced.swift; sourceTree = "<group>"; };
		B7F6F7471E852FF6005AF787 /* Algorithms */ = {isa = PBXFileReference; explicitFileType = "compiled.mach-o.executable"; includeInIndex = 0; path = Algorithms; sourceTree = BUILT_PRODUCTS_DIR; };
		B7F6F74A1E852FF6005AF787 /* main.swift */ = {isa = PBXFileReference; lastKnownFileType = sourcecode.swift; path = main.swift; sourceTree = "<group>"; };
		B7F6F7521E853100005AF787 /* IsUnique.swift */ = {isa = PBXFileReference; fileEncoding = 4; lastKnownFileType = sourcecode.swift; path = IsUnique.swift; sourceTree = "<group>"; };
		B7F6F7541E853F76005AF787 /* PermutationPalindrome.swift */ = {isa = PBXFileReference; fileEncoding = 4; lastKnownFileType = sourcecode.swift; path = PermutationPalindrome.swift; sourceTree = "<group>"; };
		B7F6F7561E8543AE005AF787 /* URLifyString.swift */ = {isa = PBXFileReference; fileEncoding = 4; lastKnownFileType = sourcecode.swift; path = URLifyString.swift; sourceTree = "<group>"; };
		B7F6F7581E8561F2005AF787 /* OneAway.swift */ = {isa = PBXFileReference; fileEncoding = 4; lastKnownFileType = sourcecode.swift; path = OneAway.swift; sourceTree = "<group>"; };
		B7F6F75B1E859F14005AF787 /* FindMatch.swift */ = {isa = PBXFileReference; fileEncoding = 4; lastKnownFileType = sourcecode.swift; path = FindMatch.swift; sourceTree = "<group>"; };
		B7F6F75D1E859F23005AF787 /* Insertion.swift */ = {isa = PBXFileReference; fileEncoding = 4; lastKnownFileType = sourcecode.swift; path = Insertion.swift; sourceTree = "<group>"; };
		B7F6F75F1E859F2E005AF787 /* SelectionSort.swift */ = {isa = PBXFileReference; fileEncoding = 4; lastKnownFileType = sourcecode.swift; path = SelectionSort.swift; sourceTree = "<group>"; };
		B7F6F7621E859F56005AF787 /* MatrixMultiplication.swift */ = {isa = PBXFileReference; fileEncoding = 4; lastKnownFileType = sourcecode.swift; path = MatrixMultiplication.swift; sourceTree = "<group>"; };
		B7F6F7651E859F8B005AF787 /* IntegerDivision.swift */ = {isa = PBXFileReference; fileEncoding = 4; lastKnownFileType = sourcecode.swift; path = IntegerDivision.swift; sourceTree = "<group>"; };
		B7F6F77C1E85A470005AF787 /* StringCompression.swift */ = {isa = PBXFileReference; fileEncoding = 4; lastKnownFileType = sourcecode.swift; path = StringCompression.swift; sourceTree = "<group>"; };
/* End PBXFileReference section */

/* Begin PBXFrameworksBuildPhase section */
		B7F6F7441E852FF6005AF787 /* Frameworks */ = {
			isa = PBXFrameworksBuildPhase;
			buildActionMask = 2147483647;
			files = (
			);
			runOnlyForDeploymentPostprocessing = 0;
		};
/* End PBXFrameworksBuildPhase section */

/* Begin PBXGroup section */
		B7253BC91E89026000514FCC /* Stacks and Queues */ = {
			isa = PBXGroup;
			children = (
				B7253BCA1E89033C00514FCC /* Stack.swift */,
				B7253BCC1E89034800514FCC /* Queue.swift */,
				B7253BCE1E8930AC00514FCC /* ThreeStackArray.swift */,
				B7253BD01E89422F00514FCC /* StackMin.swift */,
			);
			name = "Stacks and Queues";
			path = "Stack and Queues";
			sourceTree = "<group>";
		};
		B7870F161E8664100089FC1F /* Linklist */ = {
			isa = PBXGroup;
			children = (
				B7870F171E869B200089FC1F /* Node.swift */,
				B7870F191E86AAEA0089FC1F /* LinkList.swift */,
				B70314331E86FF4500514ED5 /* RemoveDuplicates.swift */,
				B745FD241E870B39009E548A /* ReturnKTHLast.swift */,
				B745FD261E87214B009E548A /* DeleteMiddleNode.swift */,
				B745FD281E8724EC009E548A /* Partition.swift */,
				B745FD2A1E873460009E548A /* SumLists.swift */,
				B745FD2C1E878888009E548A /* LoopDetection.swift */,
				B745FD2F1E87A4FE009E548A /* DetectIntersection.swift */,
				B745FD311E87E4EA009E548A /* PalindromeLL.swift */,
			);
			path = Linklist;
			sourceTree = "<group>";
		};
		B79C487B1E937B19001C9E4C /* Dynamic Programming */ = {
			isa = PBXGroup;
			children = (
				B79C487C1E937B77001C9E4C /* Fibonacci.swift */,
				B79C487E1E937B93001C9E4C /* TripleStep.swift */,
				B79C48801E93ADC8001C9E4C /* RobotInAGrid.swift */,
			);
			path = "Dynamic Programming";
			sourceTree = "<group>";
		};
		B79C48821E94C8CB001C9E4C /* Algos */ = {
			isa = PBXGroup;
			children = (
				B79C48831E94C908001C9E4C /* ConnectedComponent.swift */,
				B79C48851E94CBDB001C9E4C /* UnionFindUndirected.swift */,
				B79C48871E94DEC1001C9E4C /* Kruskal.swift */,
				B7D7939A1E96441F00CB5853 /* Prims.swift */,
				B75835521E9A11FF00D55E1A /* BellmanFord.swift */,
				B7A0D54E1E9B6D66004D4DBA /* Dijkstra.swift */,
				B7246E161E9D13C500A756B1 /* FloyadWarshall.swift */,
			);
			path = Algos;
			sourceTree = "<group>";
		};
		B7D19F971E8A7B4500AE628C /* Tree and Graph */ = {
			isa = PBXGroup;
			children = (
				B79C48821E94C8CB001C9E4C /* Algos */,
				B7D19F9C1E8A9E0800AE628C /* Graph */,
				B7D19F981E8A7B7100AE628C /* Tree.swift */,
				B7D19FA51E8B9A0C00AE628C /* DFS.swift */,
				B7D19FA71E8BAEEC00AE628C /* BFS.swift */,
				B7D19FA91E8BBA9C00AE628C /* PathBetweenVertex.swift */,
				B7D19FAB1E8BCEA200AE628C /* BST.swift */,
				B79B8A2E1E8D6FB6000AE107 /* MinimalTree.swift */,
				B7DD87711E8E279C00179DA3 /* IsBST.swift */,
				B7DD87731E8E6C9200179DA3 /* ListOfDepth.swift */,
				B7DD87751E8F9C3100179DA3 /* IsBalanced.swift */,
				B79C486F1E914CBA001C9E4C /* InorderSuccessor.swift */,
				B79C48711E91633D001C9E4C /* CommonAncestor.swift */,
				B79C48731E9223F0001C9E4C /* BSTSequence.swift */,
				B79C48751E92240D001C9E4C /* BuildOrder.swift */,
				B79C48771E92C426001C9E4C /* CheckSubtree.swift */,
				B79C48791E92D075001C9E4C /* RandomNumber.swift */,
				B79C489F1E961D3B001C9E4C /* PriorityQueue.swift */,
			);
			path = "Tree and Graph";
			sourceTree = "<group>";
		};
		B7D19F9C1E8A9E0800AE628C /* Graph */ = {
			isa = PBXGroup;
			children = (
				B7D19F9A1E8A9AC300AE628C /* Graph.swift */,
				B7D19F9D1E8AA00200AE628C /* Vertex.swift */,
				B7D19F9F1E8AA15400AE628C /* Edge.swift */,
				B7D19FA11E8AC5A000AE628C /* Graphable.swift */,
				B7D19FA31E8B7EF100AE628C /* AdjacencyList.swift */,
			);
			name = Graph;
			path = Graphs;
			sourceTree = "<group>";
		};
		B7F6F73E1E852FF6005AF787 = {
			isa = PBXGroup;
			children = (
				B7F6F7491E852FF6005AF787 /* Algorithms */,
				B7F6F7481E852FF6005AF787 /* Products */,
			);
			sourceTree = "<group>";
		};
		B7F6F7481E852FF6005AF787 /* Products */ = {
			isa = PBXGroup;
			children = (
				B7F6F7471E852FF6005AF787 /* Algorithms */,
			);
			name = Products;
			sourceTree = "<group>";
		};
		B7F6F7491E852FF6005AF787 /* Algorithms */ = {
			isa = PBXGroup;
			children = (
				B79C487B1E937B19001C9E4C /* Dynamic Programming */,
				B7D19F971E8A7B4500AE628C /* Tree and Graph */,
				B7253BC91E89026000514FCC /* Stacks and Queues */,
				B7870F161E8664100089FC1F /* Linklist */,
				B7F6F7641E859F74005AF787 /* Maths */,
				B7F6F7611E859F4A005AF787 /* Matrix */,
				B7F6F75A1E859EEC005AF787 /* Sorting */,
				B7F6F7511E853003005AF787 /* Arrays and Strings */,
				B7F6F74A1E852FF6005AF787 /* main.swift */,
			);
			path = Algorithms;
			sourceTree = "<group>";
		};
		B7F6F7511E853003005AF787 /* Arrays and Strings */ = {
			isa = PBXGroup;
			children = (
				B7F6F75B1E859F14005AF787 /* FindMatch.swift */,
				B7F6F7521E853100005AF787 /* IsUnique.swift */,
				B7F6F7541E853F76005AF787 /* PermutationPalindrome.swift */,
				B7F6F7561E8543AE005AF787 /* URLifyString.swift */,
				B7F6F7581E8561F2005AF787 /* OneAway.swift */,
				B7F6F77C1E85A470005AF787 /* StringCompression.swift */,
				B7870F131E86546B0089FC1F /* StringRotation.swift */,
			);
			path = "Arrays and Strings";
			sourceTree = "<group>";
		};
		B7F6F75A1E859EEC005AF787 /* Sorting */ = {
			isa = PBXGroup;
			children = (
				B7F6F75F1E859F2E005AF787 /* SelectionSort.swift */,
				B7F6F75D1E859F23005AF787 /* Insertion.swift */,
			);
			path = Sorting;
			sourceTree = "<group>";
		};
		B7F6F7611E859F4A005AF787 /* Matrix */ = {
			isa = PBXGroup;
			children = (
				B7F6F7621E859F56005AF787 /* MatrixMultiplication.swift */,
				B7870F111E8640750089FC1F /* MatrixRotation.swift */,
			);
			path = Matrix;
			sourceTree = "<group>";
		};
		B7F6F7641E859F74005AF787 /* Maths */ = {
			isa = PBXGroup;
			children = (
				B7F6F7651E859F8B005AF787 /* IntegerDivision.swift */,
			);
			path = Maths;
			sourceTree = "<group>";
		};
/* End PBXGroup section */

/* Begin PBXNativeTarget section */
		B7F6F7461E852FF6005AF787 /* Algorithms */ = {
			isa = PBXNativeTarget;
			buildConfigurationList = B7F6F74E1E852FF6005AF787 /* Build configuration list for PBXNativeTarget "Algorithms" */;
			buildPhases = (
				B7F6F7431E852FF6005AF787 /* Sources */,
				B7F6F7441E852FF6005AF787 /* Frameworks */,
				B7F6F7451E852FF6005AF787 /* CopyFiles */,
			);
			buildRules = (
			);
			dependencies = (
			);
			name = Algorithms;
			productName = Algorithms;
			productReference = B7F6F7471E852FF6005AF787 /* Algorithms */;
			productType = "com.apple.product-type.tool";
		};
/* End PBXNativeTarget section */

/* Begin PBXProject section */
		B7F6F73F1E852FF6005AF787 /* Project object */ = {
			isa = PBXProject;
			attributes = {
				LastSwiftUpdateCheck = 0820;
				LastUpgradeCheck = 0830;
				ORGANIZATIONNAME = "Rahul Ranjan";
				TargetAttributes = {
					B7F6F7461E852FF6005AF787 = {
						CreatedOnToolsVersion = 8.2.1;
						ProvisioningStyle = Automatic;
					};
				};
			};
			buildConfigurationList = B7F6F7421E852FF6005AF787 /* Build configuration list for PBXProject "Algorithms" */;
			compatibilityVersion = "Xcode 3.2";
			developmentRegion = English;
			hasScannedForEncodings = 0;
			knownRegions = (
				en,
			);
			mainGroup = B7F6F73E1E852FF6005AF787;
			productRefGroup = B7F6F7481E852FF6005AF787 /* Products */;
			projectDirPath = "";
			projectRoot = "";
			targets = (
				B7F6F7461E852FF6005AF787 /* Algorithms */,
			);
		};
/* End PBXProject section */

/* Begin PBXSourcesBuildPhase section */
		B7F6F7431E852FF6005AF787 /* Sources */ = {
			isa = PBXSourcesBuildPhase;
			buildActionMask = 2147483647;
			files = (
				B7F6F77D1E85A470005AF787 /* StringCompression.swift in Sources */,
				B7F6F7631E859F56005AF787 /* MatrixMultiplication.swift in Sources */,
				B7D19F9B1E8A9AC300AE628C /* Graph.swift in Sources */,
				B7253BD11E89422F00514FCC /* StackMin.swift in Sources */,
				B79C48701E914CBA001C9E4C /* InorderSuccessor.swift in Sources */,
				B7A0D54F1E9B6D66004D4DBA /* Dijkstra.swift in Sources */,
				B745FD251E870B39009E548A /* ReturnKTHLast.swift in Sources */,
				B745FD2D1E878888009E548A /* LoopDetection.swift in Sources */,
				B7D19FA81E8BAEEC00AE628C /* BFS.swift in Sources */,
				B79C487D1E937B77001C9E4C /* Fibonacci.swift in Sources */,
				B7253BCB1E89033C00514FCC /* Stack.swift in Sources */,
				B7F6F7531E853100005AF787 /* IsUnique.swift in Sources */,
				B7D7939B1E96441F00CB5853 /* Prims.swift in Sources */,
				B7F6F74B1E852FF6005AF787 /* main.swift in Sources */,
				B745FD321E87E4EA009E548A /* PalindromeLL.swift in Sources */,
				B7D19FAA1E8BBA9C00AE628C /* PathBetweenVertex.swift in Sources */,
				B7870F121E8640750089FC1F /* MatrixRotation.swift in Sources */,
				B79C48741E9223F0001C9E4C /* BSTSequence.swift in Sources */,
				B7F6F75C1E859F14005AF787 /* FindMatch.swift in Sources */,
				B7DD87721E8E279C00179DA3 /* IsBST.swift in Sources */,
				B7F6F7591E8561F2005AF787 /* OneAway.swift in Sources */,
				B7870F1A1E86AAEA0089FC1F /* LinkList.swift in Sources */,
				B7F6F7601E859F2E005AF787 /* SelectionSort.swift in Sources */,
				B7F6F75E1E859F23005AF787 /* Insertion.swift in Sources */,
				B7D19FA21E8AC5A000AE628C /* Graphable.swift in Sources */,
				B7DD87761E8F9C3100179DA3 /* IsBalanced.swift in Sources */,
				B7D19FAC1E8BCEA200AE628C /* BST.swift in Sources */,
				B7F6F7551E853F76005AF787 /* PermutationPalindrome.swift in Sources */,
				B79C48781E92C426001C9E4C /* CheckSubtree.swift in Sources */,
				B7253BCD1E89034800514FCC /* Queue.swift in Sources */,
				B7870F141E86546B0089FC1F /* StringRotation.swift in Sources */,
				B745FD2B1E873460009E548A /* SumLists.swift in Sources */,
				B745FD301E87A4FE009E548A /* DetectIntersection.swift in Sources */,
				B745FD271E87214B009E548A /* DeleteMiddleNode.swift in Sources */,
				B7D19F991E8A7B7100AE628C /* Tree.swift in Sources */,
				B79B8A2F1E8D6FB6000AE107 /* MinimalTree.swift in Sources */,
				B79C48721E91633D001C9E4C /* CommonAncestor.swift in Sources */,
				B79C487A1E92D075001C9E4C /* RandomNumber.swift in Sources */,
				B7D19F9E1E8AA00200AE628C /* Vertex.swift in Sources */,
				B7F6F7571E8543AE005AF787 /* URLifyString.swift in Sources */,
				B7D19FA01E8AA15400AE628C /* Edge.swift in Sources */,
				B7D19FA61E8B9A0C00AE628C /* DFS.swift in Sources */,
				B79C487F1E937B93001C9E4C /* TripleStep.swift in Sources */,
				B75835531E9A11FF00D55E1A /* BellmanFord.swift in Sources */,
				B79C48861E94CBDB001C9E4C /* UnionFindUndirected.swift in Sources */,
				B79C48881E94DEC1001C9E4C /* Kruskal.swift in Sources */,
				B79C48A01E961D3B001C9E4C /* PriorityQueue.swift in Sources */,
				B7D19FA41E8B7EF100AE628C /* AdjacencyList.swift in Sources */,
				B7DD87741E8E6C9200179DA3 /* ListOfDepth.swift in Sources */,
				B7F6F7661E859F8B005AF787 /* IntegerDivision.swift in Sources */,
				B70314341E86FF4500514ED5 /* RemoveDuplicates.swift in Sources */,
				B79C48841E94C908001C9E4C /* ConnectedComponent.swift in Sources */,
				B7253BCF1E8930AC00514FCC /* ThreeStackArray.swift in Sources */,
				B79C48761E92240D001C9E4C /* BuildOrder.swift in Sources */,
				B7246E171E9D13C500A756B1 /* FloyadWarshall.swift in Sources */,
				B79C48811E93ADC8001C9E4C /* RobotInAGrid.swift in Sources */,
				B745FD291E8724EC009E548A /* Partition.swift in Sources */,
				B7870F181E869B200089FC1F /* Node.swift in Sources */,
			);
			runOnlyForDeploymentPostprocessing = 0;
		};
/* End PBXSourcesBuildPhase section */

/* Begin XCBuildConfiguration section */
		B7F6F74C1E852FF6005AF787 /* Debug */ = {
			isa = XCBuildConfiguration;
			buildSettings = {
				ALWAYS_SEARCH_USER_PATHS = NO;
				CLANG_ANALYZER_NONNULL = YES;
				CLANG_CXX_LANGUAGE_STANDARD = "gnu++0x";
				CLANG_CXX_LIBRARY = "libc++";
				CLANG_ENABLE_MODULES = YES;
				CLANG_ENABLE_OBJC_ARC = YES;
				CLANG_WARN_BOOL_CONVERSION = YES;
				CLANG_WARN_CONSTANT_CONVERSION = YES;
				CLANG_WARN_DIRECT_OBJC_ISA_USAGE = YES_ERROR;
				CLANG_WARN_DOCUMENTATION_COMMENTS = YES;
				CLANG_WARN_EMPTY_BODY = YES;
				CLANG_WARN_ENUM_CONVERSION = YES;
				CLANG_WARN_INFINITE_RECURSION = YES;
				CLANG_WARN_INT_CONVERSION = YES;
				CLANG_WARN_OBJC_ROOT_CLASS = YES_ERROR;
				CLANG_WARN_SUSPICIOUS_MOVE = YES;
				CLANG_WARN_UNREACHABLE_CODE = YES;
				CLANG_WARN__DUPLICATE_METHOD_MATCH = YES;
				CODE_SIGN_IDENTITY = "-";
				COPY_PHASE_STRIP = NO;
				DEBUG_INFORMATION_FORMAT = dwarf;
				ENABLE_STRICT_OBJC_MSGSEND = YES;
				ENABLE_TESTABILITY = YES;
				GCC_C_LANGUAGE_STANDARD = gnu99;
				GCC_DYNAMIC_NO_PIC = NO;
				GCC_NO_COMMON_BLOCKS = YES;
				GCC_OPTIMIZATION_LEVEL = 0;
				GCC_PREPROCESSOR_DEFINITIONS = (
					"DEBUG=1",
					"$(inherited)",
				);
				GCC_WARN_64_TO_32_BIT_CONVERSION = YES;
				GCC_WARN_ABOUT_RETURN_TYPE = YES_ERROR;
				GCC_WARN_UNDECLARED_SELECTOR = YES;
				GCC_WARN_UNINITIALIZED_AUTOS = YES_AGGRESSIVE;
				GCC_WARN_UNUSED_FUNCTION = YES;
				GCC_WARN_UNUSED_VARIABLE = YES;
				MACOSX_DEPLOYMENT_TARGET = 10.12;
				MTL_ENABLE_DEBUG_INFO = YES;
				ONLY_ACTIVE_ARCH = YES;
				SDKROOT = macosx;
				SWIFT_OPTIMIZATION_LEVEL = "-Onone";
			};
			name = Debug;
		};
		B7F6F74D1E852FF6005AF787 /* Release */ = {
			isa = XCBuildConfiguration;
			buildSettings = {
				ALWAYS_SEARCH_USER_PATHS = NO;
				CLANG_ANALYZER_NONNULL = YES;
				CLANG_CXX_LANGUAGE_STANDARD = "gnu++0x";
				CLANG_CXX_LIBRARY = "libc++";
				CLANG_ENABLE_MODULES = YES;
				CLANG_ENABLE_OBJC_ARC = YES;
				CLANG_WARN_BOOL_CONVERSION = YES;
				CLANG_WARN_CONSTANT_CONVERSION = YES;
				CLANG_WARN_DIRECT_OBJC_ISA_USAGE = YES_ERROR;
				CLANG_WARN_DOCUMENTATION_COMMENTS = YES;
				CLANG_WARN_EMPTY_BODY = YES;
				CLANG_WARN_ENUM_CONVERSION = YES;
				CLANG_WARN_INFINITE_RECURSION = YES;
				CLANG_WARN_INT_CONVERSION = YES;
				CLANG_WARN_OBJC_ROOT_CLASS = YES_ERROR;
				CLANG_WARN_SUSPICIOUS_MOVE = YES;
				CLANG_WARN_UNREACHABLE_CODE = YES;
				CLANG_WARN__DUPLICATE_METHOD_MATCH = YES;
				CODE_SIGN_IDENTITY = "-";
				COPY_PHASE_STRIP = NO;
				DEBUG_INFORMATION_FORMAT = "dwarf-with-dsym";
				ENABLE_NS_ASSERTIONS = NO;
				ENABLE_STRICT_OBJC_MSGSEND = YES;
				GCC_C_LANGUAGE_STANDARD = gnu99;
				GCC_NO_COMMON_BLOCKS = YES;
				GCC_WARN_64_TO_32_BIT_CONVERSION = YES;
				GCC_WARN_ABOUT_RETURN_TYPE = YES_ERROR;
				GCC_WARN_UNDECLARED_SELECTOR = YES;
				GCC_WARN_UNINITIALIZED_AUTOS = YES_AGGRESSIVE;
				GCC_WARN_UNUSED_FUNCTION = YES;
				GCC_WARN_UNUSED_VARIABLE = YES;
				MACOSX_DEPLOYMENT_TARGET = 10.12;
				MTL_ENABLE_DEBUG_INFO = NO;
				SDKROOT = macosx;
			};
			name = Release;
		};
		B7F6F74F1E852FF6005AF787 /* Debug */ = {
			isa = XCBuildConfiguration;
			buildSettings = {
				PRODUCT_NAME = "$(TARGET_NAME)";
				SWIFT_VERSION = 3.0;
			};
			name = Debug;
		};
		B7F6F7501E852FF6005AF787 /* Release */ = {
			isa = XCBuildConfiguration;
			buildSettings = {
				PRODUCT_NAME = "$(TARGET_NAME)";
				SWIFT_VERSION = 3.0;
			};
			name = Release;
		};
/* End XCBuildConfiguration section */

/* Begin XCConfigurationList section */
		B7F6F7421E852FF6005AF787 /* Build configuration list for PBXProject "Algorithms" */ = {
			isa = XCConfigurationList;
			buildConfigurations = (
				B7F6F74C1E852FF6005AF787 /* Debug */,
				B7F6F74D1E852FF6005AF787 /* Release */,
			);
			defaultConfigurationIsVisible = 0;
			defaultConfigurationName = Release;
		};
		B7F6F74E1E852FF6005AF787 /* Build configuration list for PBXNativeTarget "Algorithms" */ = {
			isa = XCConfigurationList;
			buildConfigurations = (
				B7F6F74F1E852FF6005AF787 /* Debug */,
				B7F6F7501E852FF6005AF787 /* Release */,
			);
			defaultConfigurationIsVisible = 0;
			defaultConfigurationName = Release;
		};
/* End XCConfigurationList section */
	};
	rootObject = B7F6F73F1E852FF6005AF787 /* Project object */;
}
