// !$*UTF8*$!
{
	archiveVersion = 1;
	classes = {
	};
	objectVersion = 46;
	objects = {

/* Begin PBXBuildFile section */
		67658BA422D44BA700DF304D /* MergeSort.swift in Sources */ = {isa = PBXBuildFile; fileRef = 67658BA322D44BA700DF304D /* MergeSort.swift */; };
		67669F44230FC2E400CD707B /* NextGreaterElement.swift in Sources */ = {isa = PBXBuildFile; fileRef = 67669F34230FC2E300CD707B /* NextGreaterElement.swift */; };
		67669F45230FC2E400CD707B /* ReshapeTheMatrix.swift in Sources */ = {isa = PBXBuildFile; fileRef = 67669F35230FC2E300CD707B /* ReshapeTheMatrix.swift */; };
		67669F46230FC2E400CD707B /* ShortestUnsortedContinuousSubarray.swift in Sources */ = {isa = PBXBuildFile; fileRef = 67669F36230FC2E300CD707B /* ShortestUnsortedContinuousSubarray.swift */; };
		67669F47230FC2E400CD707B /* HammingDistance.swift in Sources */ = {isa = PBXBuildFile; fileRef = 67669F37230FC2E400CD707B /* HammingDistance.swift */; };
		67669F48230FC2E400CD707B /* DistributeCandies.swift in Sources */ = {isa = PBXBuildFile; fileRef = 67669F38230FC2E400CD707B /* DistributeCandies.swift */; };
		67669F49230FC2E400CD707B /* Palindrome.swift in Sources */ = {isa = PBXBuildFile; fileRef = 67669F39230FC2E400CD707B /* Palindrome.swift */; };
		67669F4A230FC2E400CD707B /* ReverseString.swift in Sources */ = {isa = PBXBuildFile; fileRef = 67669F3A230FC2E400CD707B /* ReverseString.swift */; };
		67669F4B230FC2E400CD707B /* RomanToInteger.swift in Sources */ = {isa = PBXBuildFile; fileRef = 67669F3B230FC2E400CD707B /* RomanToInteger.swift */; };
		67669F4C230FC2E400CD707B /* ReverseInt.swift in Sources */ = {isa = PBXBuildFile; fileRef = 67669F3C230FC2E400CD707B /* ReverseInt.swift */; };
		67669F4D230FC2E400CD707B /* Add Two Numbers.swift in Sources */ = {isa = PBXBuildFile; fileRef = 67669F3D230FC2E400CD707B /* Add Two Numbers.swift */; };
		67669F4E230FC2E400CD707B /* Array Partition.swift in Sources */ = {isa = PBXBuildFile; fileRef = 67669F3E230FC2E400CD707B /* Array Partition.swift */; };
		67669F4F230FC2E400CD707B /* NumberComplement.swift in Sources */ = {isa = PBXBuildFile; fileRef = 67669F3F230FC2E400CD707B /* NumberComplement.swift */; };
		67669F50230FC2E400CD707B /* KeyboardRow.swift in Sources */ = {isa = PBXBuildFile; fileRef = 67669F40230FC2E400CD707B /* KeyboardRow.swift */; };
		67669F51230FC2E400CD707B /* Longest Substring.swift in Sources */ = {isa = PBXBuildFile; fileRef = 67669F41230FC2E400CD707B /* Longest Substring.swift */; };
		67669F52230FC2E400CD707B /* ReverseInteger.swift in Sources */ = {isa = PBXBuildFile; fileRef = 67669F42230FC2E400CD707B /* ReverseInteger.swift */; };
		67669F53230FC2E400CD707B /* ReverseWord.swift in Sources */ = {isa = PBXBuildFile; fileRef = 67669F43230FC2E400CD707B /* ReverseWord.swift */; };
		678877B922E9A67B0057646A /* QuickSort.swift in Sources */ = {isa = PBXBuildFile; fileRef = 678877B822E9A67B0057646A /* QuickSort.swift */; };
		678877BB22E9AFCD0057646A /* LongestCommonSubsequence.swift in Sources */ = {isa = PBXBuildFile; fileRef = 678877BA22E9AFCD0057646A /* LongestCommonSubsequence.swift */; };
		67D1A23022EB60ED00862503 /* PossiblePaths.swift in Sources */ = {isa = PBXBuildFile; fileRef = 67D1A22F22EB60ED00862503 /* PossiblePaths.swift */; };
		67D1A23222EB68EF00862503 /* PalindromicPartition.swift in Sources */ = {isa = PBXBuildFile; fileRef = 67D1A23122EB68EF00862503 /* PalindromicPartition.swift */; };
		67D1A23422EB742200862503 /* NQueen.swift in Sources */ = {isa = PBXBuildFile; fileRef = 67D1A23322EB742200862503 /* NQueen.swift */; };
		B70314341E86FF4500514ED5 /* RemoveDuplicates.swift in Sources */ = {isa = PBXBuildFile; fileRef = B70314331E86FF4500514ED5 /* RemoveDuplicates.swift */; };
		B72034C21EB062E00085DBC4 /* NQueens.swift in Sources */ = {isa = PBXBuildFile; fileRef = B72034C11EB062E00085DBC4 /* NQueens.swift */; };
		B72034C41EB087EC0085DBC4 /* KnightsTour.swift in Sources */ = {isa = PBXBuildFile; fileRef = B72034C31EB087EC0085DBC4 /* KnightsTour.swift */; };
		B722A2031EC443A900E94BF2 /* FizzBuzz.swift in Sources */ = {isa = PBXBuildFile; fileRef = B722A2021EC443A900E94BF2 /* FizzBuzz.swift */; };
		B722A2051EC4464300E94BF2 /* BinarySearch.swift in Sources */ = {isa = PBXBuildFile; fileRef = B722A2041EC4464300E94BF2 /* BinarySearch.swift */; };
		B722A2071EC4543E00E94BF2 /* Factorial.swift in Sources */ = {isa = PBXBuildFile; fileRef = B722A2061EC4543E00E94BF2 /* Factorial.swift */; };
		B722A2091EC456C100E94BF2 /* ReverseEveryWord.swift in Sources */ = {isa = PBXBuildFile; fileRef = B722A2081EC456C100E94BF2 /* ReverseEveryWord.swift */; };
		B722A20B1EC466A300E94BF2 /* WrapAnArray.swift in Sources */ = {isa = PBXBuildFile; fileRef = B722A20A1EC466A300E94BF2 /* WrapAnArray.swift */; };
		B722A20D1EC46F8A00E94BF2 /* HigherOrderFunction.swift in Sources */ = {isa = PBXBuildFile; fileRef = B722A20C1EC46F8A00E94BF2 /* HigherOrderFunction.swift */; };
		B722A20F1EC4725900E94BF2 /* BinaryTreeSearch.swift in Sources */ = {isa = PBXBuildFile; fileRef = B722A20E1EC4725900E94BF2 /* BinaryTreeSearch.swift */; };
		B722A2111EC4859200E94BF2 /* AbstractSyntaxTree.swift in Sources */ = {isa = PBXBuildFile; fileRef = B722A2101EC4859200E94BF2 /* AbstractSyntaxTree.swift */; };
		B7246E171E9D13C500A756B1 /* FloyadWarshall.swift in Sources */ = {isa = PBXBuildFile; fileRef = B7246E161E9D13C500A756B1 /* FloyadWarshall.swift */; };
		B724B47F1EB791CE0023AEBE /* ReverseLinkList.swift in Sources */ = {isa = PBXBuildFile; fileRef = B724B47E1EB791CE0023AEBE /* ReverseLinkList.swift */; };
		B7253BCB1E89033C00514FCC /* Stack.swift in Sources */ = {isa = PBXBuildFile; fileRef = B7253BCA1E89033C00514FCC /* Stack.swift */; };
		B7253BCD1E89034800514FCC /* Queue.swift in Sources */ = {isa = PBXBuildFile; fileRef = B7253BCC1E89034800514FCC /* Queue.swift */; };
		B7253BCF1E8930AC00514FCC /* ThreeStackArray.swift in Sources */ = {isa = PBXBuildFile; fileRef = B7253BCE1E8930AC00514FCC /* ThreeStackArray.swift */; };
		B7253BD11E89422F00514FCC /* StackMin.swift in Sources */ = {isa = PBXBuildFile; fileRef = B7253BD01E89422F00514FCC /* StackMin.swift */; };
		B745FD251E870B39009E548A /* ReturnKTHLast.swift in Sources */ = {isa = PBXBuildFile; fileRef = B745FD241E870B39009E548A /* ReturnKTHLast.swift */; };
		B745FD271E87214B009E548A /* DeleteMiddleNode.swift in Sources */ = {isa = PBXBuildFile; fileRef = B745FD261E87214B009E548A /* DeleteMiddleNode.swift */; };
		B745FD291E8724EC009E548A /* Partition.swift in Sources */ = {isa = PBXBuildFile; fileRef = B745FD281E8724EC009E548A /* Partition.swift */; };
		B745FD2B1E873460009E548A /* SumLists.swift in Sources */ = {isa = PBXBuildFile; fileRef = B745FD2A1E873460009E548A /* SumLists.swift */; };
		B745FD2D1E878888009E548A /* LoopDetection.swift in Sources */ = {isa = PBXBuildFile; fileRef = B745FD2C1E878888009E548A /* LoopDetection.swift */; };
		B745FD301E87A4FE009E548A /* DetectIntersection.swift in Sources */ = {isa = PBXBuildFile; fileRef = B745FD2F1E87A4FE009E548A /* DetectIntersection.swift */; };
		B745FD321E87E4EA009E548A /* PalindromeLL.swift in Sources */ = {isa = PBXBuildFile; fileRef = B745FD311E87E4EA009E548A /* PalindromeLL.swift */; };
		B75835531E9A11FF00D55E1A /* BellmanFord.swift in Sources */ = {isa = PBXBuildFile; fileRef = B75835521E9A11FF00D55E1A /* BellmanFord.swift */; };
		B77F0C401EADDDB700C558EF /* FloodFill.swift in Sources */ = {isa = PBXBuildFile; fileRef = B77F0C3F1EADDDB700C558EF /* FloodFill.swift */; };
		B7870F121E8640750089FC1F /* MatrixRotation.swift in Sources */ = {isa = PBXBuildFile; fileRef = B7870F111E8640750089FC1F /* MatrixRotation.swift */; };
		B7870F141E86546B0089FC1F /* StringRotation.swift in Sources */ = {isa = PBXBuildFile; fileRef = B7870F131E86546B0089FC1F /* StringRotation.swift */; };
		B7870F181E869B200089FC1F /* Node.swift in Sources */ = {isa = PBXBuildFile; fileRef = B7870F171E869B200089FC1F /* Node.swift */; };
		B7870F1A1E86AAEA0089FC1F /* LinkList.swift in Sources */ = {isa = PBXBuildFile; fileRef = B7870F191E86AAEA0089FC1F /* LinkList.swift */; };
		B79B8A2F1E8D6FB6000AE107 /* MinimalTree.swift in Sources */ = {isa = PBXBuildFile; fileRef = B79B8A2E1E8D6FB6000AE107 /* MinimalTree.swift */; };
		B79C48701E914CBA001C9E4C /* InorderSuccessor.swift in Sources */ = {isa = PBXBuildFile; fileRef = B79C486F1E914CBA001C9E4C /* InorderSuccessor.swift */; };
		B79C48721E91633D001C9E4C /* CommonAncestor.swift in Sources */ = {isa = PBXBuildFile; fileRef = B79C48711E91633D001C9E4C /* CommonAncestor.swift */; };
		B79C48741E9223F0001C9E4C /* BSTSequence.swift in Sources */ = {isa = PBXBuildFile; fileRef = B79C48731E9223F0001C9E4C /* BSTSequence.swift */; };
		B79C48761E92240D001C9E4C /* BuildOrder.swift in Sources */ = {isa = PBXBuildFile; fileRef = B79C48751E92240D001C9E4C /* BuildOrder.swift */; };
		B79C48781E92C426001C9E4C /* CheckSubtree.swift in Sources */ = {isa = PBXBuildFile; fileRef = B79C48771E92C426001C9E4C /* CheckSubtree.swift */; };
		B79C487A1E92D075001C9E4C /* RandomNumber.swift in Sources */ = {isa = PBXBuildFile; fileRef = B79C48791E92D075001C9E4C /* RandomNumber.swift */; };
		B79C487D1E937B77001C9E4C /* Fibonacci.swift in Sources */ = {isa = PBXBuildFile; fileRef = B79C487C1E937B77001C9E4C /* Fibonacci.swift */; };
		B79C487F1E937B93001C9E4C /* TripleStep.swift in Sources */ = {isa = PBXBuildFile; fileRef = B79C487E1E937B93001C9E4C /* TripleStep.swift */; };
		B79C48811E93ADC8001C9E4C /* RobotInAGrid.swift in Sources */ = {isa = PBXBuildFile; fileRef = B79C48801E93ADC8001C9E4C /* RobotInAGrid.swift */; };
		B79C48841E94C908001C9E4C /* ConnectedComponent.swift in Sources */ = {isa = PBXBuildFile; fileRef = B79C48831E94C908001C9E4C /* ConnectedComponent.swift */; };
		B79C48861E94CBDB001C9E4C /* UnionFindUndirected.swift in Sources */ = {isa = PBXBuildFile; fileRef = B79C48851E94CBDB001C9E4C /* UnionFindUndirected.swift */; };
		B79C48881E94DEC1001C9E4C /* Kruskal.swift in Sources */ = {isa = PBXBuildFile; fileRef = B79C48871E94DEC1001C9E4C /* Kruskal.swift */; };
		B79C48A01E961D3B001C9E4C /* PriorityQueue.swift in Sources */ = {isa = PBXBuildFile; fileRef = B79C489F1E961D3B001C9E4C /* PriorityQueue.swift */; };
		B7A0D54F1E9B6D66004D4DBA /* Dijkstra.swift in Sources */ = {isa = PBXBuildFile; fileRef = B7A0D54E1E9B6D66004D4DBA /* Dijkstra.swift */; };
		B7D19F991E8A7B7100AE628C /* Tree.swift in Sources */ = {isa = PBXBuildFile; fileRef = B7D19F981E8A7B7100AE628C /* Tree.swift */; };
		B7D19F9B1E8A9AC300AE628C /* Graph.swift in Sources */ = {isa = PBXBuildFile; fileRef = B7D19F9A1E8A9AC300AE628C /* Graph.swift */; };
		B7D19F9E1E8AA00200AE628C /* Vertex.swift in Sources */ = {isa = PBXBuildFile; fileRef = B7D19F9D1E8AA00200AE628C /* Vertex.swift */; };
		B7D19FA01E8AA15400AE628C /* Edge.swift in Sources */ = {isa = PBXBuildFile; fileRef = B7D19F9F1E8AA15400AE628C /* Edge.swift */; };
		B7D19FA21E8AC5A000AE628C /* Graphable.swift in Sources */ = {isa = PBXBuildFile; fileRef = B7D19FA11E8AC5A000AE628C /* Graphable.swift */; };
		B7D19FA41E8B7EF100AE628C /* AdjacencyList.swift in Sources */ = {isa = PBXBuildFile; fileRef = B7D19FA31E8B7EF100AE628C /* AdjacencyList.swift */; };
		B7D19FA61E8B9A0C00AE628C /* DFS.swift in Sources */ = {isa = PBXBuildFile; fileRef = B7D19FA51E8B9A0C00AE628C /* DFS.swift */; };
		B7D19FA81E8BAEEC00AE628C /* BFS.swift in Sources */ = {isa = PBXBuildFile; fileRef = B7D19FA71E8BAEEC00AE628C /* BFS.swift */; };
		B7D19FAA1E8BBA9C00AE628C /* PathBetweenVertex.swift in Sources */ = {isa = PBXBuildFile; fileRef = B7D19FA91E8BBA9C00AE628C /* PathBetweenVertex.swift */; };
		B7D19FAC1E8BCEA200AE628C /* BST.swift in Sources */ = {isa = PBXBuildFile; fileRef = B7D19FAB1E8BCEA200AE628C /* BST.swift */; };
		B7D7939B1E96441F00CB5853 /* Prims.swift in Sources */ = {isa = PBXBuildFile; fileRef = B7D7939A1E96441F00CB5853 /* Prims.swift */; };
		B7D85F1F1EB1BD46002FDAF9 /* HamiltonianPath.swift in Sources */ = {isa = PBXBuildFile; fileRef = B7D85F1E1EB1BD46002FDAF9 /* HamiltonianPath.swift */; };
		B7DD87721E8E279C00179DA3 /* IsBST.swift in Sources */ = {isa = PBXBuildFile; fileRef = B7DD87711E8E279C00179DA3 /* IsBST.swift */; };
		B7DD87741E8E6C9200179DA3 /* ListOfDepth.swift in Sources */ = {isa = PBXBuildFile; fileRef = B7DD87731E8E6C9200179DA3 /* ListOfDepth.swift */; };
		B7DD87761E8F9C3100179DA3 /* IsBalanced.swift in Sources */ = {isa = PBXBuildFile; fileRef = B7DD87751E8F9C3100179DA3 /* IsBalanced.swift */; };
		B7F6F74B1E852FF6005AF787 /* main.swift in Sources */ = {isa = PBXBuildFile; fileRef = B7F6F74A1E852FF6005AF787 /* main.swift */; };
		B7F6F7531E853100005AF787 /* IsUnique.swift in Sources */ = {isa = PBXBuildFile; fileRef = B7F6F7521E853100005AF787 /* IsUnique.swift */; };
		B7F6F7551E853F76005AF787 /* PermutationPalindrome.swift in Sources */ = {isa = PBXBuildFile; fileRef = B7F6F7541E853F76005AF787 /* PermutationPalindrome.swift */; };
		B7F6F7571E8543AE005AF787 /* URLifyString .swift in Sources */ = {isa = PBXBuildFile; fileRef = B7F6F7561E8543AE005AF787 /* URLifyString .swift */; };
		B7F6F7591E8561F2005AF787 /* OneAway.swift in Sources */ = {isa = PBXBuildFile; fileRef = B7F6F7581E8561F2005AF787 /* OneAway.swift */; };
		B7F6F75C1E859F14005AF787 /* FindMatch.swift in Sources */ = {isa = PBXBuildFile; fileRef = B7F6F75B1E859F14005AF787 /* FindMatch.swift */; };
		B7F6F75E1E859F23005AF787 /* Insertion.swift in Sources */ = {isa = PBXBuildFile; fileRef = B7F6F75D1E859F23005AF787 /* Insertion.swift */; };
		B7F6F7601E859F2E005AF787 /* SelectionSort.swift in Sources */ = {isa = PBXBuildFile; fileRef = B7F6F75F1E859F2E005AF787 /* SelectionSort.swift */; };
		B7F6F7631E859F56005AF787 /* MatrixMultiplication.swift in Sources */ = {isa = PBXBuildFile; fileRef = B7F6F7621E859F56005AF787 /* MatrixMultiplication.swift */; };
		B7F6F7661E859F8B005AF787 /* IntegerDivision.swift in Sources */ = {isa = PBXBuildFile; fileRef = B7F6F7651E859F8B005AF787 /* IntegerDivision.swift */; };
		B7F6F77D1E85A470005AF787 /* StringCompression.swift in Sources */ = {isa = PBXBuildFile; fileRef = B7F6F77C1E85A470005AF787 /* StringCompression.swift */; };
		B7F7C19A1EB30C5100CC368D /* TopologicalSorting.swift in Sources */ = {isa = PBXBuildFile; fileRef = B7F7C1991EB30C5100CC368D /* TopologicalSorting.swift */; };
/* End PBXBuildFile section */

/* Begin PBXCopyFilesBuildPhase section */
		B7F6F7451E852FF6005AF787 /* CopyFiles */ = {
			isa = PBXCopyFilesBuildPhase;
			buildActionMask = 2147483647;
			dstPath = /usr/share/man/man1/;
			dstSubfolderSpec = 0;
			files = (
			);
			runOnlyForDeploymentPostprocessing = 1;
		};
/* End PBXCopyFilesBuildPhase section */

/* Begin PBXFileReference section */
		670E1CDA231B6524009504A6 /* FindMinBST.playground */ = {isa = PBXFileReference; lastKnownFileType = file.playground; path = FindMinBST.playground; sourceTree = "<group>"; xcLanguageSpecificationIdentifier = xcode.lang.swift; };
		671EFFFA2334A80600C4EE72 /* PowerSet.playground */ = {isa = PBXFileReference; lastKnownFileType = file.playground; path = PowerSet.playground; sourceTree = "<group>"; xcLanguageSpecificationIdentifier = xcode.lang.swift; };
		67236A71233BCA1900E6DB8C /* LongestCommonSubstring.playground */ = {isa = PBXFileReference; lastKnownFileType = file.playground; path = LongestCommonSubstring.playground; sourceTree = "<group>"; xcLanguageSpecificationIdentifier = xcode.lang.swift; };
		67236AA4233C6F4F00E6DB8C /* Coin Problem.playground */ = {isa = PBXFileReference; lastKnownFileType = file.playground; path = "Coin Problem.playground"; sourceTree = "<group>"; xcLanguageSpecificationIdentifier = xcode.lang.swift; };
		672C1A882342D55200E7793D /* LowestCommonAncestor.playground */ = {isa = PBXFileReference; lastKnownFileType = file.playground; path = LowestCommonAncestor.playground; sourceTree = "<group>"; xcLanguageSpecificationIdentifier = xcode.lang.swift; };
		672C1A8A2343065C00E7793D /* ZeroOneKnapSack.playground */ = {isa = PBXFileReference; lastKnownFileType = file.playground; path = ZeroOneKnapSack.playground; sourceTree = "<group>"; xcLanguageSpecificationIdentifier = xcode.lang.swift; };
		672C1ABB234333F900E7793D /* DecodeWays.playground */ = {isa = PBXFileReference; lastKnownFileType = file.playground; path = DecodeWays.playground; sourceTree = "<group>"; xcLanguageSpecificationIdentifier = xcode.lang.swift; };
		672C1ABC2343B65E00E7793D /* MinStep.playground */ = {isa = PBXFileReference; lastKnownFileType = file.playground; path = MinStep.playground; sourceTree = "<group>"; xcLanguageSpecificationIdentifier = xcode.lang.swift; };
		672C1B492346556C00E7793D /* MatrixProduct.playground */ = {isa = PBXFileReference; lastKnownFileType = file.playground; path = MatrixProduct.playground; sourceTree = "<group>"; xcLanguageSpecificationIdentifier = xcode.lang.swift; };
		672E626C22F0088F00D8F1A3 /* Permute.playground */ = {isa = PBXFileReference; lastKnownFileType = file.playground; path = Permute.playground; sourceTree = "<group>"; xcLanguageSpecificationIdentifier = xcode.lang.swift; };
		67339DAA2323828E0002B64E /* CoinProlem.playground */ = {isa = PBXFileReference; lastKnownFileType = file.playground; path = CoinProlem.playground; sourceTree = "<group>"; xcLanguageSpecificationIdentifier = xcode.lang.swift; };
		673CCD072366989E00D9460E /* SplitArrayInSubarray.playground */ = {isa = PBXFileReference; lastKnownFileType = file.playground; path = SplitArrayInSubarray.playground; sourceTree = "<group>"; xcLanguageSpecificationIdentifier = xcode.lang.swift; };
		6745E92123201AC7006854C0 /* Creational.playground */ = {isa = PBXFileReference; lastKnownFileType = file.playground; path = Creational.playground; sourceTree = "<group>"; xcLanguageSpecificationIdentifier = xcode.lang.swift; };
		675A7F3E23390DD700472FD8 /* ShortestPath.playground */ = {isa = PBXFileReference; lastKnownFileType = file.playground; path = ShortestPath.playground; sourceTree = "<group>"; xcLanguageSpecificationIdentifier = xcode.lang.swift; };
		675ACE53234D5EC50046C1AA /* ConcurrencyOne.playground */ = {isa = PBXFileReference; lastKnownFileType = file.playground; path = ConcurrencyOne.playground; sourceTree = "<group>"; xcLanguageSpecificationIdentifier = xcode.lang.swift; };
		67658BA322D44BA700DF304D /* MergeSort.swift */ = {isa = PBXFileReference; lastKnownFileType = sourcecode.swift; path = MergeSort.swift; sourceTree = "<group>"; };
		67669F2D230FC09800CD707B /* Subsets.playground */ = {isa = PBXFileReference; lastKnownFileType = file.playground; path = Subsets.playground; sourceTree = "<group>"; };
		67669F2E230FC09800CD707B /* Queens.playground */ = {isa = PBXFileReference; lastKnownFileType = file.playground; path = Queens.playground; sourceTree = "<group>"; xcLanguageSpecificationIdentifier = xcode.lang.swift; };
		67669F2F230FC09800CD707B /* ZigZagString.playground */ = {isa = PBXFileReference; lastKnownFileType = file.playground; path = ZigZagString.playground; sourceTree = "<group>"; };
		67669F34230FC2E300CD707B /* NextGreaterElement.swift */ = {isa = PBXFileReference; fileEncoding = 4; lastKnownFileType = sourcecode.swift; path = NextGreaterElement.swift; sourceTree = "<group>"; };
		67669F35230FC2E300CD707B /* ReshapeTheMatrix.swift */ = {isa = PBXFileReference; fileEncoding = 4; lastKnownFileType = sourcecode.swift; path = ReshapeTheMatrix.swift; sourceTree = "<group>"; };
		67669F36230FC2E300CD707B /* ShortestUnsortedContinuousSubarray.swift */ = {isa = PBXFileReference; fileEncoding = 4; lastKnownFileType = sourcecode.swift; path = ShortestUnsortedContinuousSubarray.swift; sourceTree = "<group>"; };
		67669F37230FC2E400CD707B /* HammingDistance.swift */ = {isa = PBXFileReference; fileEncoding = 4; lastKnownFileType = sourcecode.swift; path = HammingDistance.swift; sourceTree = "<group>"; };
		67669F38230FC2E400CD707B /* DistributeCandies.swift */ = {isa = PBXFileReference; fileEncoding = 4; lastKnownFileType = sourcecode.swift; path = DistributeCandies.swift; sourceTree = "<group>"; };
		67669F39230FC2E400CD707B /* Palindrome.swift */ = {isa = PBXFileReference; fileEncoding = 4; lastKnownFileType = sourcecode.swift; path = Palindrome.swift; sourceTree = "<group>"; };
		67669F3A230FC2E400CD707B /* ReverseString.swift */ = {isa = PBXFileReference; fileEncoding = 4; lastKnownFileType = sourcecode.swift; path = ReverseString.swift; sourceTree = "<group>"; };
		67669F3B230FC2E400CD707B /* RomanToInteger.swift */ = {isa = PBXFileReference; fileEncoding = 4; lastKnownFileType = sourcecode.swift; path = RomanToInteger.swift; sourceTree = "<group>"; };
		67669F3C230FC2E400CD707B /* ReverseInt.swift */ = {isa = PBXFileReference; fileEncoding = 4; lastKnownFileType = sourcecode.swift; path = ReverseInt.swift; sourceTree = "<group>"; };
		67669F3D230FC2E400CD707B /* Add Two Numbers.swift */ = {isa = PBXFileReference; fileEncoding = 4; lastKnownFileType = sourcecode.swift; path = "Add Two Numbers.swift"; sourceTree = "<group>"; };
		67669F3E230FC2E400CD707B /* Array Partition.swift */ = {isa = PBXFileReference; fileEncoding = 4; lastKnownFileType = sourcecode.swift; path = "Array Partition.swift"; sourceTree = "<group>"; };
		67669F3F230FC2E400CD707B /* NumberComplement.swift */ = {isa = PBXFileReference; fileEncoding = 4; lastKnownFileType = sourcecode.swift; path = NumberComplement.swift; sourceTree = "<group>"; };
		67669F40230FC2E400CD707B /* KeyboardRow.swift */ = {isa = PBXFileReference; fileEncoding = 4; lastKnownFileType = sourcecode.swift; path = KeyboardRow.swift; sourceTree = "<group>"; };
		67669F41230FC2E400CD707B /* Longest Substring.swift */ = {isa = PBXFileReference; fileEncoding = 4; lastKnownFileType = sourcecode.swift; path = "Longest Substring.swift"; sourceTree = "<group>"; };
		67669F42230FC2E400CD707B /* ReverseInteger.swift */ = {isa = PBXFileReference; fileEncoding = 4; lastKnownFileType = sourcecode.swift; path = ReverseInteger.swift; sourceTree = "<group>"; };
		67669F43230FC2E400CD707B /* ReverseWord.swift */ = {isa = PBXFileReference; fileEncoding = 4; lastKnownFileType = sourcecode.swift; path = ReverseWord.swift; sourceTree = "<group>"; };
		67669F54230FC7D000CD707B /* Python */ = {isa = PBXFileReference; lastKnownFileType = folder; path = Python; sourceTree = "<group>"; };
		6772210C2348EA2A00F9ED43 /* MergeKArrays.playground */ = {isa = PBXFileReference; lastKnownFileType = file.playground; path = MergeKArrays.playground; sourceTree = "<group>"; xcLanguageSpecificationIdentifier = xcode.lang.swift; };
		67779471233A69D00031CB00 /* HeapSort.playground */ = {isa = PBXFileReference; lastKnownFileType = file.playground; path = HeapSort.playground; sourceTree = "<group>"; xcLanguageSpecificationIdentifier = xcode.lang.swift; };
		677E758822F0053500B1A285 /* Subsets.playground */ = {isa = PBXFileReference; lastKnownFileType = file.playground; path = Subsets.playground; sourceTree = "<group>"; xcLanguageSpecificationIdentifier = xcode.lang.swift; };
		678877B822E9A67B0057646A /* QuickSort.swift */ = {isa = PBXFileReference; lastKnownFileType = sourcecode.swift; path = QuickSort.swift; sourceTree = "<group>"; };
		678877BA22E9AFCD0057646A /* LongestCommonSubsequence.swift */ = {isa = PBXFileReference; lastKnownFileType = sourcecode.swift; path = LongestCommonSubsequence.swift; sourceTree = "<group>"; };
		6790C790231FCEBB009ADCB1 /* Generics.playground */ = {isa = PBXFileReference; lastKnownFileType = file.playground; path = Generics.playground; sourceTree = "<group>"; xcLanguageSpecificationIdentifier = xcode.lang.swift; };
		67B9F8BA2306495B00010C02 /* SingleLinkedList.playground */ = {isa = PBXFileReference; lastKnownFileType = file.playground; path = SingleLinkedList.playground; sourceTree = "<group>"; xcLanguageSpecificationIdentifier = xcode.lang.swift; };
		67C51DF22316C1AB00CCB7E3 /* ARC.playground */ = {isa = PBXFileReference; lastKnownFileType = file.playground; path = ARC.playground; sourceTree = "<group>"; xcLanguageSpecificationIdentifier = xcode.lang.swift; };
		67CB01E0231685E6000DFFAE /* Basics.playground */ = {isa = PBXFileReference; lastKnownFileType = file.playground; path = Basics.playground; sourceTree = "<group>"; xcLanguageSpecificationIdentifier = xcode.lang.swift; };
		67D1A22F22EB60ED00862503 /* PossiblePaths.swift */ = {isa = PBXFileReference; lastKnownFileType = sourcecode.swift; path = PossiblePaths.swift; sourceTree = "<group>"; };
		67D1A23122EB68EF00862503 /* PalindromicPartition.swift */ = {isa = PBXFileReference; lastKnownFileType = sourcecode.swift; path = PalindromicPartition.swift; sourceTree = "<group>"; };
		67D1A23322EB742200862503 /* NQueen.swift */ = {isa = PBXFileReference; lastKnownFileType = sourcecode.swift; path = NQueen.swift; sourceTree = "<group>"; };
		67DD0BEF23411A91005109CA /* MobileKeypad.playground */ = {isa = PBXFileReference; lastKnownFileType = file.playground; path = MobileKeypad.playground; sourceTree = "<group>"; xcLanguageSpecificationIdentifier = xcode.lang.swift; };
		67DD0BF02341B746005109CA /* Median.playground */ = {isa = PBXFileReference; lastKnownFileType = file.playground; path = Median.playground; sourceTree = "<group>"; xcLanguageSpecificationIdentifier = xcode.lang.swift; };
		67E1C316230E35ED00D1AB8B /* LevelOrder.playground */ = {isa = PBXFileReference; lastKnownFileType = file.playground; path = LevelOrder.playground; sourceTree = "<group>"; xcLanguageSpecificationIdentifier = xcode.lang.swift; };
		67E1C317230E410400D1AB8B /* LeavesCompare.playground */ = {isa = PBXFileReference; lastKnownFileType = file.playground; path = LeavesCompare.playground; sourceTree = "<group>"; xcLanguageSpecificationIdentifier = xcode.lang.swift; };
		67FBFF5F234C60DB00EBAB7D /* PhoneKeyPad.playground */ = {isa = PBXFileReference; lastKnownFileType = file.playground; path = PhoneKeyPad.playground; sourceTree = "<group>"; xcLanguageSpecificationIdentifier = xcode.lang.swift; };
		B70314331E86FF4500514ED5 /* RemoveDuplicates.swift */ = {isa = PBXFileReference; fileEncoding = 4; lastKnownFileType = sourcecode.swift; path = RemoveDuplicates.swift; sourceTree = "<group>"; };
		B72034C11EB062E00085DBC4 /* NQueens.swift */ = {isa = PBXFileReference; fileEncoding = 4; lastKnownFileType = sourcecode.swift; path = NQueens.swift; sourceTree = "<group>"; };
		B72034C31EB087EC0085DBC4 /* KnightsTour.swift */ = {isa = PBXFileReference; fileEncoding = 4; lastKnownFileType = sourcecode.swift; path = KnightsTour.swift; sourceTree = "<group>"; };
		B722A2021EC443A900E94BF2 /* FizzBuzz.swift */ = {isa = PBXFileReference; fileEncoding = 4; lastKnownFileType = sourcecode.swift; path = FizzBuzz.swift; sourceTree = "<group>"; };
		B722A2041EC4464300E94BF2 /* BinarySearch.swift */ = {isa = PBXFileReference; fileEncoding = 4; lastKnownFileType = sourcecode.swift; path = BinarySearch.swift; sourceTree = "<group>"; };
		B722A2061EC4543E00E94BF2 /* Factorial.swift */ = {isa = PBXFileReference; fileEncoding = 4; lastKnownFileType = sourcecode.swift; path = Factorial.swift; sourceTree = "<group>"; };
		B722A2081EC456C100E94BF2 /* ReverseEveryWord.swift */ = {isa = PBXFileReference; fileEncoding = 4; lastKnownFileType = sourcecode.swift; path = ReverseEveryWord.swift; sourceTree = "<group>"; };
		B722A20A1EC466A300E94BF2 /* WrapAnArray.swift */ = {isa = PBXFileReference; fileEncoding = 4; lastKnownFileType = sourcecode.swift; path = WrapAnArray.swift; sourceTree = "<group>"; };
		B722A20C1EC46F8A00E94BF2 /* HigherOrderFunction.swift */ = {isa = PBXFileReference; fileEncoding = 4; lastKnownFileType = sourcecode.swift; path = HigherOrderFunction.swift; sourceTree = "<group>"; };
		B722A20E1EC4725900E94BF2 /* BinaryTreeSearch.swift */ = {isa = PBXFileReference; fileEncoding = 4; lastKnownFileType = sourcecode.swift; path = BinaryTreeSearch.swift; sourceTree = "<group>"; };
		B722A2101EC4859200E94BF2 /* AbstractSyntaxTree.swift */ = {isa = PBXFileReference; fileEncoding = 4; lastKnownFileType = sourcecode.swift; path = AbstractSyntaxTree.swift; sourceTree = "<group>"; };
		B7246E161E9D13C500A756B1 /* FloyadWarshall.swift */ = {isa = PBXFileReference; fileEncoding = 4; lastKnownFileType = sourcecode.swift; path = FloyadWarshall.swift; sourceTree = "<group>"; };
		B724B47E1EB791CE0023AEBE /* ReverseLinkList.swift */ = {isa = PBXFileReference; fileEncoding = 4; lastKnownFileType = sourcecode.swift; path = ReverseLinkList.swift; sourceTree = "<group>"; };
		B7253BCA1E89033C00514FCC /* Stack.swift */ = {isa = PBXFileReference; fileEncoding = 4; lastKnownFileType = sourcecode.swift; path = Stack.swift; sourceTree = "<group>"; };
		B7253BCC1E89034800514FCC /* Queue.swift */ = {isa = PBXFileReference; fileEncoding = 4; lastKnownFileType = sourcecode.swift; path = Queue.swift; sourceTree = "<group>"; };
		B7253BCE1E8930AC00514FCC /* ThreeStackArray.swift */ = {isa = PBXFileReference; fileEncoding = 4; lastKnownFileType = sourcecode.swift; path = ThreeStackArray.swift; sourceTree = "<group>"; };
		B7253BD01E89422F00514FCC /* StackMin.swift */ = {isa = PBXFileReference; fileEncoding = 4; lastKnownFileType = sourcecode.swift; path = StackMin.swift; sourceTree = "<group>"; };
		B745FD241E870B39009E548A /* ReturnKTHLast.swift */ = {isa = PBXFileReference; fileEncoding = 4; lastKnownFileType = sourcecode.swift; path = ReturnKTHLast.swift; sourceTree = "<group>"; };
		B745FD261E87214B009E548A /* DeleteMiddleNode.swift */ = {isa = PBXFileReference; fileEncoding = 4; lastKnownFileType = sourcecode.swift; path = DeleteMiddleNode.swift; sourceTree = "<group>"; };
		B745FD281E8724EC009E548A /* Partition.swift */ = {isa = PBXFileReference; fileEncoding = 4; lastKnownFileType = sourcecode.swift; path = Partition.swift; sourceTree = "<group>"; };
		B745FD2A1E873460009E548A /* SumLists.swift */ = {isa = PBXFileReference; fileEncoding = 4; lastKnownFileType = sourcecode.swift; path = SumLists.swift; sourceTree = "<group>"; };
		B745FD2C1E878888009E548A /* LoopDetection.swift */ = {isa = PBXFileReference; fileEncoding = 4; lastKnownFileType = sourcecode.swift; path = LoopDetection.swift; sourceTree = "<group>"; };
		B745FD2F1E87A4FE009E548A /* DetectIntersection.swift */ = {isa = PBXFileReference; fileEncoding = 4; lastKnownFileType = sourcecode.swift; path = DetectIntersection.swift; sourceTree = "<group>"; };
		B745FD311E87E4EA009E548A /* PalindromeLL.swift */ = {isa = PBXFileReference; fileEncoding = 4; lastKnownFileType = sourcecode.swift; path = PalindromeLL.swift; sourceTree = "<group>"; };
		B75835521E9A11FF00D55E1A /* BellmanFord.swift */ = {isa = PBXFileReference; fileEncoding = 4; lastKnownFileType = sourcecode.swift; path = BellmanFord.swift; sourceTree = "<group>"; };
		B77F0C3F1EADDDB700C558EF /* FloodFill.swift */ = {isa = PBXFileReference; fileEncoding = 4; lastKnownFileType = sourcecode.swift; path = FloodFill.swift; sourceTree = "<group>"; };
		B7870F111E8640750089FC1F /* MatrixRotation.swift */ = {isa = PBXFileReference; fileEncoding = 4; lastKnownFileType = sourcecode.swift; name = MatrixRotation.swift; path = Algorithms/Matrix/MatrixRotation.swift; sourceTree = SOURCE_ROOT; };
		B7870F131E86546B0089FC1F /* StringRotation.swift */ = {isa = PBXFileReference; fileEncoding = 4; lastKnownFileType = sourcecode.swift; path = StringRotation.swift; sourceTree = "<group>"; };
		B7870F171E869B200089FC1F /* Node.swift */ = {isa = PBXFileReference; fileEncoding = 4; lastKnownFileType = sourcecode.swift; path = Node.swift; sourceTree = "<group>"; };
		B7870F191E86AAEA0089FC1F /* LinkList.swift */ = {isa = PBXFileReference; fileEncoding = 4; lastKnownFileType = sourcecode.swift; path = LinkList.swift; sourceTree = "<group>"; };
		B79B8A2E1E8D6FB6000AE107 /* MinimalTree.swift */ = {isa = PBXFileReference; fileEncoding = 4; lastKnownFileType = sourcecode.swift; path = MinimalTree.swift; sourceTree = "<group>"; };
		B79C486F1E914CBA001C9E4C /* InorderSuccessor.swift */ = {isa = PBXFileReference; fileEncoding = 4; lastKnownFileType = sourcecode.swift; path = InorderSuccessor.swift; sourceTree = "<group>"; };
		B79C48711E91633D001C9E4C /* CommonAncestor.swift */ = {isa = PBXFileReference; fileEncoding = 4; lastKnownFileType = sourcecode.swift; path = CommonAncestor.swift; sourceTree = "<group>"; };
		B79C48731E9223F0001C9E4C /* BSTSequence.swift */ = {isa = PBXFileReference; fileEncoding = 4; lastKnownFileType = sourcecode.swift; path = BSTSequence.swift; sourceTree = "<group>"; };
		B79C48751E92240D001C9E4C /* BuildOrder.swift */ = {isa = PBXFileReference; fileEncoding = 4; lastKnownFileType = sourcecode.swift; path = BuildOrder.swift; sourceTree = "<group>"; };
		B79C48771E92C426001C9E4C /* CheckSubtree.swift */ = {isa = PBXFileReference; fileEncoding = 4; lastKnownFileType = sourcecode.swift; path = CheckSubtree.swift; sourceTree = "<group>"; };
		B79C48791E92D075001C9E4C /* RandomNumber.swift */ = {isa = PBXFileReference; fileEncoding = 4; lastKnownFileType = sourcecode.swift; path = RandomNumber.swift; sourceTree = "<group>"; };
		B79C487C1E937B77001C9E4C /* Fibonacci.swift */ = {isa = PBXFileReference; fileEncoding = 4; lastKnownFileType = sourcecode.swift; path = Fibonacci.swift; sourceTree = "<group>"; };
		B79C487E1E937B93001C9E4C /* TripleStep.swift */ = {isa = PBXFileReference; fileEncoding = 4; lastKnownFileType = sourcecode.swift; path = TripleStep.swift; sourceTree = "<group>"; };
		B79C48801E93ADC8001C9E4C /* RobotInAGrid.swift */ = {isa = PBXFileReference; fileEncoding = 4; lastKnownFileType = sourcecode.swift; path = RobotInAGrid.swift; sourceTree = "<group>"; };
		B79C48831E94C908001C9E4C /* ConnectedComponent.swift */ = {isa = PBXFileReference; fileEncoding = 4; lastKnownFileType = sourcecode.swift; path = ConnectedComponent.swift; sourceTree = "<group>"; };
		B79C48851E94CBDB001C9E4C /* UnionFindUndirected.swift */ = {isa = PBXFileReference; fileEncoding = 4; lastKnownFileType = sourcecode.swift; path = UnionFindUndirected.swift; sourceTree = "<group>"; };
		B79C48871E94DEC1001C9E4C /* Kruskal.swift */ = {isa = PBXFileReference; fileEncoding = 4; lastKnownFileType = sourcecode.swift; path = Kruskal.swift; sourceTree = "<group>"; };
		B79C489F1E961D3B001C9E4C /* PriorityQueue.swift */ = {isa = PBXFileReference; fileEncoding = 4; lastKnownFileType = sourcecode.swift; name = PriorityQueue.swift; path = "Algorithms/Tree and Graph/PriorityQueue.swift"; sourceTree = SOURCE_ROOT; };
		B7A0D54E1E9B6D66004D4DBA /* Dijkstra.swift */ = {isa = PBXFileReference; fileEncoding = 4; lastKnownFileType = sourcecode.swift; path = Dijkstra.swift; sourceTree = "<group>"; };
		B7D19F981E8A7B7100AE628C /* Tree.swift */ = {isa = PBXFileReference; fileEncoding = 4; lastKnownFileType = sourcecode.swift; path = Tree.swift; sourceTree = "<group>"; };
		B7D19F9A1E8A9AC300AE628C /* Graph.swift */ = {isa = PBXFileReference; fileEncoding = 4; lastKnownFileType = sourcecode.swift; path = Graph.swift; sourceTree = "<group>"; };
		B7D19F9D1E8AA00200AE628C /* Vertex.swift */ = {isa = PBXFileReference; fileEncoding = 4; lastKnownFileType = sourcecode.swift; path = Vertex.swift; sourceTree = "<group>"; };
		B7D19F9F1E8AA15400AE628C /* Edge.swift */ = {isa = PBXFileReference; fileEncoding = 4; lastKnownFileType = sourcecode.swift; path = Edge.swift; sourceTree = "<group>"; };
		B7D19FA11E8AC5A000AE628C /* Graphable.swift */ = {isa = PBXFileReference; fileEncoding = 4; lastKnownFileType = sourcecode.swift; path = Graphable.swift; sourceTree = "<group>"; };
		B7D19FA31E8B7EF100AE628C /* AdjacencyList.swift */ = {isa = PBXFileReference; fileEncoding = 4; lastKnownFileType = sourcecode.swift; path = AdjacencyList.swift; sourceTree = "<group>"; };
		B7D19FA51E8B9A0C00AE628C /* DFS.swift */ = {isa = PBXFileReference; fileEncoding = 4; lastKnownFileType = sourcecode.swift; path = DFS.swift; sourceTree = "<group>"; };
		B7D19FA71E8BAEEC00AE628C /* BFS.swift */ = {isa = PBXFileReference; fileEncoding = 4; lastKnownFileType = sourcecode.swift; path = BFS.swift; sourceTree = "<group>"; };
		B7D19FA91E8BBA9C00AE628C /* PathBetweenVertex.swift */ = {isa = PBXFileReference; fileEncoding = 4; lastKnownFileType = sourcecode.swift; path = PathBetweenVertex.swift; sourceTree = "<group>"; };
		B7D19FAB1E8BCEA200AE628C /* BST.swift */ = {isa = PBXFileReference; fileEncoding = 4; lastKnownFileType = sourcecode.swift; path = BST.swift; sourceTree = "<group>"; };
		B7D7939A1E96441F00CB5853 /* Prims.swift */ = {isa = PBXFileReference; fileEncoding = 4; lastKnownFileType = sourcecode.swift; path = Prims.swift; sourceTree = "<group>"; };
		B7D85F1E1EB1BD46002FDAF9 /* HamiltonianPath.swift */ = {isa = PBXFileReference; fileEncoding = 4; lastKnownFileType = sourcecode.swift; path = HamiltonianPath.swift; sourceTree = "<group>"; };
		B7DD87711E8E279C00179DA3 /* IsBST.swift */ = {isa = PBXFileReference; fileEncoding = 4; lastKnownFileType = sourcecode.swift; path = IsBST.swift; sourceTree = "<group>"; };
		B7DD87731E8E6C9200179DA3 /* ListOfDepth.swift */ = {isa = PBXFileReference; fileEncoding = 4; lastKnownFileType = sourcecode.swift; path = ListOfDepth.swift; sourceTree = "<group>"; };
		B7DD87751E8F9C3100179DA3 /* IsBalanced.swift */ = {isa = PBXFileReference; fileEncoding = 4; lastKnownFileType = sourcecode.swift; path = IsBalanced.swift; sourceTree = "<group>"; };
		B7F6F7471E852FF6005AF787 /* Algorithms */ = {isa = PBXFileReference; explicitFileType = "compiled.mach-o.executable"; includeInIndex = 0; path = Algorithms; sourceTree = BUILT_PRODUCTS_DIR; };
		B7F6F74A1E852FF6005AF787 /* main.swift */ = {isa = PBXFileReference; lastKnownFileType = sourcecode.swift; path = main.swift; sourceTree = "<group>"; };
		B7F6F7521E853100005AF787 /* IsUnique.swift */ = {isa = PBXFileReference; fileEncoding = 4; lastKnownFileType = sourcecode.swift; path = IsUnique.swift; sourceTree = "<group>"; };
		B7F6F7541E853F76005AF787 /* PermutationPalindrome.swift */ = {isa = PBXFileReference; fileEncoding = 4; lastKnownFileType = sourcecode.swift; path = PermutationPalindrome.swift; sourceTree = "<group>"; };
		B7F6F7561E8543AE005AF787 /* URLifyString .swift */ = {isa = PBXFileReference; fileEncoding = 4; lastKnownFileType = sourcecode.swift; path = "URLifyString .swift"; sourceTree = "<group>"; };
		B7F6F7581E8561F2005AF787 /* OneAway.swift */ = {isa = PBXFileReference; fileEncoding = 4; lastKnownFileType = sourcecode.swift; path = OneAway.swift; sourceTree = "<group>"; };
		B7F6F75B1E859F14005AF787 /* FindMatch.swift */ = {isa = PBXFileReference; fileEncoding = 4; lastKnownFileType = sourcecode.swift; path = FindMatch.swift; sourceTree = "<group>"; };
		B7F6F75D1E859F23005AF787 /* Insertion.swift */ = {isa = PBXFileReference; fileEncoding = 4; lastKnownFileType = sourcecode.swift; path = Insertion.swift; sourceTree = "<group>"; };
		B7F6F75F1E859F2E005AF787 /* SelectionSort.swift */ = {isa = PBXFileReference; fileEncoding = 4; lastKnownFileType = sourcecode.swift; path = SelectionSort.swift; sourceTree = "<group>"; };
		B7F6F7621E859F56005AF787 /* MatrixMultiplication.swift */ = {isa = PBXFileReference; fileEncoding = 4; lastKnownFileType = sourcecode.swift; path = MatrixMultiplication.swift; sourceTree = "<group>"; };
		B7F6F7651E859F8B005AF787 /* IntegerDivision.swift */ = {isa = PBXFileReference; fileEncoding = 4; lastKnownFileType = sourcecode.swift; path = IntegerDivision.swift; sourceTree = "<group>"; };
		B7F6F77C1E85A470005AF787 /* StringCompression.swift */ = {isa = PBXFileReference; fileEncoding = 4; lastKnownFileType = sourcecode.swift; path = StringCompression.swift; sourceTree = "<group>"; };
		B7F7C1991EB30C5100CC368D /* TopologicalSorting.swift */ = {isa = PBXFileReference; fileEncoding = 4; lastKnownFileType = sourcecode.swift; path = TopologicalSorting.swift; sourceTree = "<group>"; };
		C01F245322E2B95800267843 /* MininumSwaps.playground */ = {isa = PBXFileReference; lastKnownFileType = file.playground; path = MininumSwaps.playground; sourceTree = "<group>"; xcLanguageSpecificationIdentifier = xcode.lang.swift; };
		C0FD2A9D22EFDDE6002AAB8D /* PrintAllKeyBoardCombo.playground */ = {isa = PBXFileReference; lastKnownFileType = file.playground; path = PrintAllKeyBoardCombo.playground; sourceTree = "<group>"; xcLanguageSpecificationIdentifier = xcode.lang.swift; };
/* End PBXFileReference section */

/* Begin PBXFrameworksBuildPhase section */
		B7F6F7441E852FF6005AF787 /* Frameworks */ = {
			isa = PBXFrameworksBuildPhase;
			buildActionMask = 2147483647;
			files = (
			);
			runOnlyForDeploymentPostprocessing = 0;
		};
/* End PBXFrameworksBuildPhase section */

/* Begin PBXGroup section */
		672C1A892343060700E7793D /* ByteAcademy */ = {
			isa = PBXGroup;
			children = (
				672C1A8A2343065C00E7793D /* ZeroOneKnapSack.playground */,
				672C1ABB234333F900E7793D /* DecodeWays.playground */,
				672C1ABC2343B65E00E7793D /* MinStep.playground */,
				672C1B492346556C00E7793D /* MatrixProduct.playground */,
				6772210C2348EA2A00F9ED43 /* MergeKArrays.playground */,
				67FBFF5F234C60DB00EBAB7D /* PhoneKeyPad.playground */,
				675ACE53234D5EC50046C1AA /* ConcurrencyOne.playground */,
			);
			path = ByteAcademy;
			sourceTree = "<group>";
		};
		67669F33230FC2C000CD707B /* Leetcode */ = {
			isa = PBXGroup;
			children = (
				67669F3D230FC2E400CD707B /* Add Two Numbers.swift */,
				67669F3E230FC2E400CD707B /* Array Partition.swift */,
				67669F38230FC2E400CD707B /* DistributeCandies.swift */,
				67669F37230FC2E400CD707B /* HammingDistance.swift */,
				67669F40230FC2E400CD707B /* KeyboardRow.swift */,
				67669F41230FC2E400CD707B /* Longest Substring.swift */,
				67669F34230FC2E300CD707B /* NextGreaterElement.swift */,
				67669F3F230FC2E400CD707B /* NumberComplement.swift */,
				67669F39230FC2E400CD707B /* Palindrome.swift */,
				67669F35230FC2E300CD707B /* ReshapeTheMatrix.swift */,
				67669F3C230FC2E400CD707B /* ReverseInt.swift */,
				67669F42230FC2E400CD707B /* ReverseInteger.swift */,
				67669F3A230FC2E400CD707B /* ReverseString.swift */,
				67669F43230FC2E400CD707B /* ReverseWord.swift */,
				67669F3B230FC2E400CD707B /* RomanToInteger.swift */,
				67669F36230FC2E300CD707B /* ShortestUnsortedContinuousSubarray.swift */,
				670E1CDA231B6524009504A6 /* FindMinBST.playground */,
				67339DAA2323828E0002B64E /* CoinProlem.playground */,
			);
			path = Leetcode;
			sourceTree = "<group>";
		};
		67CB01DF231685C2000DFFAE /* Design Pattern */ = {
			isa = PBXGroup;
			children = (
				6790C790231FCEBB009ADCB1 /* Generics.playground */,
				67CB01E0231685E6000DFFAE /* Basics.playground */,
				67C51DF22316C1AB00CCB7E3 /* ARC.playground */,
				6745E92123201AC7006854C0 /* Creational.playground */,
			);
			path = "Design Pattern";
			sourceTree = "<group>";
		};
		67D1A22E22EB60D900862503 /* Recursion */ = {
			isa = PBXGroup;
			children = (
				67D1A22F22EB60ED00862503 /* PossiblePaths.swift */,
				67D1A23122EB68EF00862503 /* PalindromicPartition.swift */,
				67D1A23322EB742200862503 /* NQueen.swift */,
				671EFFFA2334A80600C4EE72 /* PowerSet.playground */,
				675A7F3E23390DD700472FD8 /* ShortestPath.playground */,
				67DD0BEF23411A91005109CA /* MobileKeypad.playground */,
			);
			path = Recursion;
			sourceTree = "<group>";
		};
		B722A2011EC442E500E94BF2 /* LetsBuildThatApp */ = {
			isa = PBXGroup;
			children = (
				B722A2021EC443A900E94BF2 /* FizzBuzz.swift */,
				B722A2041EC4464300E94BF2 /* BinarySearch.swift */,
				B722A2061EC4543E00E94BF2 /* Factorial.swift */,
				B722A2081EC456C100E94BF2 /* ReverseEveryWord.swift */,
				B722A20A1EC466A300E94BF2 /* WrapAnArray.swift */,
				B722A20C1EC46F8A00E94BF2 /* HigherOrderFunction.swift */,
				B722A20E1EC4725900E94BF2 /* BinaryTreeSearch.swift */,
				B722A2101EC4859200E94BF2 /* AbstractSyntaxTree.swift */,
			);
			path = LetsBuildThatApp;
			sourceTree = "<group>";
		};
		B7253BC91E89026000514FCC /* Stacks and Queues */ = {
			isa = PBXGroup;
			children = (
				B7253BCA1E89033C00514FCC /* Stack.swift */,
				B7253BCC1E89034800514FCC /* Queue.swift */,
				B7253BCE1E8930AC00514FCC /* ThreeStackArray.swift */,
				B7253BD01E89422F00514FCC /* StackMin.swift */,
			);
			name = "Stacks and Queues";
			path = "Stack and Queues";
			sourceTree = "<group>";
		};
		B7870F161E8664100089FC1F /* Linklist */ = {
			isa = PBXGroup;
			children = (
				B7870F171E869B200089FC1F /* Node.swift */,
				B7870F191E86AAEA0089FC1F /* LinkList.swift */,
				B70314331E86FF4500514ED5 /* RemoveDuplicates.swift */,
				B745FD241E870B39009E548A /* ReturnKTHLast.swift */,
				B745FD261E87214B009E548A /* DeleteMiddleNode.swift */,
				B745FD281E8724EC009E548A /* Partition.swift */,
				B745FD2A1E873460009E548A /* SumLists.swift */,
				B745FD2C1E878888009E548A /* LoopDetection.swift */,
				B745FD2F1E87A4FE009E548A /* DetectIntersection.swift */,
				B745FD311E87E4EA009E548A /* PalindromeLL.swift */,
				B724B47E1EB791CE0023AEBE /* ReverseLinkList.swift */,
				67B9F8BA2306495B00010C02 /* SingleLinkedList.playground */,
			);
			path = Linklist;
			sourceTree = "<group>";
		};
		B79C487B1E937B19001C9E4C /* Dynamic Programming */ = {
			isa = PBXGroup;
			children = (
				B79C487C1E937B77001C9E4C /* Fibonacci.swift */,
				B79C487E1E937B93001C9E4C /* TripleStep.swift */,
				B79C48801E93ADC8001C9E4C /* RobotInAGrid.swift */,
				678877BA22E9AFCD0057646A /* LongestCommonSubsequence.swift */,
				67236AA4233C6F4F00E6DB8C /* Coin Problem.playground */,
			);
			path = "Dynamic Programming";
			sourceTree = "<group>";
		};
		B79C48821E94C8CB001C9E4C /* Algos */ = {
			isa = PBXGroup;
			children = (
				B79C48831E94C908001C9E4C /* ConnectedComponent.swift */,
				B79C48851E94CBDB001C9E4C /* UnionFindUndirected.swift */,
				B79C48871E94DEC1001C9E4C /* Kruskal.swift */,
				B7D7939A1E96441F00CB5853 /* Prims.swift */,
				B75835521E9A11FF00D55E1A /* BellmanFord.swift */,
				B7A0D54E1E9B6D66004D4DBA /* Dijkstra.swift */,
				B7246E161E9D13C500A756B1 /* FloyadWarshall.swift */,
				B77F0C3F1EADDDB700C558EF /* FloodFill.swift */,
				B72034C11EB062E00085DBC4 /* NQueens.swift */,
				B72034C31EB087EC0085DBC4 /* KnightsTour.swift */,
				B7D85F1E1EB1BD46002FDAF9 /* HamiltonianPath.swift */,
				B7F7C1991EB30C5100CC368D /* TopologicalSorting.swift */,
			);
			path = Algos;
			sourceTree = "<group>";
		};
		B7D19F971E8A7B4500AE628C /* Tree and Graph */ = {
			isa = PBXGroup;
			children = (
				B79C48821E94C8CB001C9E4C /* Algos */,
				B7D19F9C1E8A9E0800AE628C /* Graph */,
				B7D19F981E8A7B7100AE628C /* Tree.swift */,
				B7D19FA51E8B9A0C00AE628C /* DFS.swift */,
				B7D19FA71E8BAEEC00AE628C /* BFS.swift */,
				B7D19FA91E8BBA9C00AE628C /* PathBetweenVertex.swift */,
				B7D19FAB1E8BCEA200AE628C /* BST.swift */,
				B79B8A2E1E8D6FB6000AE107 /* MinimalTree.swift */,
				B7DD87711E8E279C00179DA3 /* IsBST.swift */,
				B7DD87731E8E6C9200179DA3 /* ListOfDepth.swift */,
				B7DD87751E8F9C3100179DA3 /* IsBalanced.swift */,
				B79C486F1E914CBA001C9E4C /* InorderSuccessor.swift */,
				B79C48711E91633D001C9E4C /* CommonAncestor.swift */,
				B79C48731E9223F0001C9E4C /* BSTSequence.swift */,
				B79C48751E92240D001C9E4C /* BuildOrder.swift */,
				B79C48771E92C426001C9E4C /* CheckSubtree.swift */,
				B79C48791E92D075001C9E4C /* RandomNumber.swift */,
				B79C489F1E961D3B001C9E4C /* PriorityQueue.swift */,
				67E1C316230E35ED00D1AB8B /* LevelOrder.playground */,
				67E1C317230E410400D1AB8B /* LeavesCompare.playground */,
				672C1A882342D55200E7793D /* LowestCommonAncestor.playground */,
			);
			path = "Tree and Graph";
			sourceTree = "<group>";
		};
		B7D19F9C1E8A9E0800AE628C /* Graph */ = {
			isa = PBXGroup;
			children = (
				B7D19F9A1E8A9AC300AE628C /* Graph.swift */,
				B7D19F9D1E8AA00200AE628C /* Vertex.swift */,
				B7D19F9F1E8AA15400AE628C /* Edge.swift */,
				B7D19FA11E8AC5A000AE628C /* Graphable.swift */,
				B7D19FA31E8B7EF100AE628C /* AdjacencyList.swift */,
			);
			name = Graph;
			path = Graphs;
			sourceTree = "<group>";
		};
		B7F6F73E1E852FF6005AF787 = {
			isa = PBXGroup;
			children = (
				B7F6F7491E852FF6005AF787 /* Algorithms */,
				B7F6F7481E852FF6005AF787 /* Products */,
			);
			sourceTree = "<group>";
		};
		B7F6F7481E852FF6005AF787 /* Products */ = {
			isa = PBXGroup;
			children = (
				B7F6F7471E852FF6005AF787 /* Algorithms */,
			);
			name = Products;
			sourceTree = "<group>";
		};
		B7F6F7491E852FF6005AF787 /* Algorithms */ = {
			isa = PBXGroup;
			children = (
				672C1A892343060700E7793D /* ByteAcademy */,
				67CB01DF231685C2000DFFAE /* Design Pattern */,
				67669F54230FC7D000CD707B /* Python */,
				67669F33230FC2C000CD707B /* Leetcode */,
				67D1A22E22EB60D900862503 /* Recursion */,
				C0C43E4322E2B89D00C20028 /* Playgrounds */,
				B722A2011EC442E500E94BF2 /* LetsBuildThatApp */,
				B79C487B1E937B19001C9E4C /* Dynamic Programming */,
				B7D19F971E8A7B4500AE628C /* Tree and Graph */,
				B7253BC91E89026000514FCC /* Stacks and Queues */,
				B7870F161E8664100089FC1F /* Linklist */,
				B7F6F7641E859F74005AF787 /* Maths */,
				B7F6F7611E859F4A005AF787 /* Matrix */,
				B7F6F75A1E859EEC005AF787 /* Sorting */,
				B7F6F7511E853003005AF787 /* Arrays and Strings */,
				B7F6F74A1E852FF6005AF787 /* main.swift */,
			);
			path = Algorithms;
			sourceTree = "<group>";
		};
		B7F6F7511E853003005AF787 /* Arrays and Strings */ = {
			isa = PBXGroup;
			children = (
				B7F6F75B1E859F14005AF787 /* FindMatch.swift */,
				B7F6F7521E853100005AF787 /* IsUnique.swift */,
				B7F6F7541E853F76005AF787 /* PermutationPalindrome.swift */,
				B7F6F7561E8543AE005AF787 /* URLifyString .swift */,
				B7F6F7581E8561F2005AF787 /* OneAway.swift */,
				B7F6F77C1E85A470005AF787 /* StringCompression.swift */,
				B7870F131E86546B0089FC1F /* StringRotation.swift */,
				67236A71233BCA1900E6DB8C /* LongestCommonSubstring.playground */,
				67DD0BF02341B746005109CA /* Median.playground */,
				673CCD072366989E00D9460E /* SplitArrayInSubarray.playground */,
			);
			path = "Arrays and Strings";
			sourceTree = "<group>";
		};
		B7F6F75A1E859EEC005AF787 /* Sorting */ = {
			isa = PBXGroup;
			children = (
				B7F6F75F1E859F2E005AF787 /* SelectionSort.swift */,
				B7F6F75D1E859F23005AF787 /* Insertion.swift */,
				67658BA322D44BA700DF304D /* MergeSort.swift */,
				678877B822E9A67B0057646A /* QuickSort.swift */,
				67779471233A69D00031CB00 /* HeapSort.playground */,
			);
			path = Sorting;
			sourceTree = "<group>";
		};
		B7F6F7611E859F4A005AF787 /* Matrix */ = {
			isa = PBXGroup;
			children = (
				B7F6F7621E859F56005AF787 /* MatrixMultiplication.swift */,
				B7870F111E8640750089FC1F /* MatrixRotation.swift */,
			);
			path = Matrix;
			sourceTree = "<group>";
		};
		B7F6F7641E859F74005AF787 /* Maths */ = {
			isa = PBXGroup;
			children = (
				B7F6F7651E859F8B005AF787 /* IntegerDivision.swift */,
			);
			path = Maths;
			sourceTree = "<group>";
		};
		C0C43E4322E2B89D00C20028 /* Playgrounds */ = {
			isa = PBXGroup;
			children = (
				67669F2E230FC09800CD707B /* Queens.playground */,
				67669F2D230FC09800CD707B /* Subsets.playground */,
				67669F2F230FC09800CD707B /* ZigZagString.playground */,
				C01F245322E2B95800267843 /* MininumSwaps.playground */,
				C0FD2A9D22EFDDE6002AAB8D /* PrintAllKeyBoardCombo.playground */,
				677E758822F0053500B1A285 /* Subsets.playground */,
				672E626C22F0088F00D8F1A3 /* Permute.playground */,
			);
			path = Playgrounds;
			sourceTree = "<group>";
		};
/* End PBXGroup section */

/* Begin PBXNativeTarget section */
		B7F6F7461E852FF6005AF787 /* Algorithms */ = {
			isa = PBXNativeTarget;
			buildConfigurationList = B7F6F74E1E852FF6005AF787 /* Build configuration list for PBXNativeTarget "Algorithms" */;
			buildPhases = (
				B7F6F7431E852FF6005AF787 /* Sources */,
				B7F6F7441E852FF6005AF787 /* Frameworks */,
				B7F6F7451E852FF6005AF787 /* CopyFiles */,
			);
			buildRules = (
			);
			dependencies = (
			);
			name = Algorithms;
			productName = Algorithms;
			productReference = B7F6F7471E852FF6005AF787 /* Algorithms */;
			productType = "com.apple.product-type.tool";
		};
/* End PBXNativeTarget section */

/* Begin PBXProject section */
		B7F6F73F1E852FF6005AF787 /* Project object */ = {
			isa = PBXProject;
			attributes = {
				LastSwiftUpdateCheck = 0820;
				LastUpgradeCheck = 1020;
				ORGANIZATIONNAME = "Rahul Ranjan";
				TargetAttributes = {
					B7F6F7461E852FF6005AF787 = {
						CreatedOnToolsVersion = 8.2.1;
						LastSwiftMigration = 1020;
						ProvisioningStyle = Automatic;
					};
				};
			};
			buildConfigurationList = B7F6F7421E852FF6005AF787 /* Build configuration list for PBXProject "Algorithms" */;
			compatibilityVersion = "Xcode 3.2";
			developmentRegion = en;
			hasScannedForEncodings = 0;
			knownRegions = (
				en,
				Base,
			);
			mainGroup = B7F6F73E1E852FF6005AF787;
			productRefGroup = B7F6F7481E852FF6005AF787 /* Products */;
			projectDirPath = "";
			projectRoot = "";
			targets = (
				B7F6F7461E852FF6005AF787 /* Algorithms */,
			);
		};
/* End PBXProject section */

/* Begin PBXSourcesBuildPhase section */
		B7F6F7431E852FF6005AF787 /* Sources */ = {
			isa = PBXSourcesBuildPhase;
			buildActionMask = 2147483647;
			files = (
				B7F6F77D1E85A470005AF787 /* StringCompression.swift in Sources */,
				B7F6F7631E859F56005AF787 /* MatrixMultiplication.swift in Sources */,
				B7D19F9B1E8A9AC300AE628C /* Graph.swift in Sources */,
				B7253BD11E89422F00514FCC /* StackMin.swift in Sources */,
				B72034C41EB087EC0085DBC4 /* KnightsTour.swift in Sources */,
				67669F48230FC2E400CD707B /* DistributeCandies.swift in Sources */,
				67D1A23422EB742200862503 /* NQueen.swift in Sources */,
				B722A20F1EC4725900E94BF2 /* BinaryTreeSearch.swift in Sources */,
				B7F7C19A1EB30C5100CC368D /* TopologicalSorting.swift in Sources */,
				678877BB22E9AFCD0057646A /* LongestCommonSubsequence.swift in Sources */,
				B79C48701E914CBA001C9E4C /* InorderSuccessor.swift in Sources */,
				B7A0D54F1E9B6D66004D4DBA /* Dijkstra.swift in Sources */,
				B745FD251E870B39009E548A /* ReturnKTHLast.swift in Sources */,
				B745FD2D1E878888009E548A /* LoopDetection.swift in Sources */,
				B7D19FA81E8BAEEC00AE628C /* BFS.swift in Sources */,
				67669F51230FC2E400CD707B /* Longest Substring.swift in Sources */,
				B79C487D1E937B77001C9E4C /* Fibonacci.swift in Sources */,
				67669F52230FC2E400CD707B /* ReverseInteger.swift in Sources */,
				67669F45230FC2E400CD707B /* ReshapeTheMatrix.swift in Sources */,
				B7253BCB1E89033C00514FCC /* Stack.swift in Sources */,
				B7F6F7531E853100005AF787 /* IsUnique.swift in Sources */,
				B722A2051EC4464300E94BF2 /* BinarySearch.swift in Sources */,
				B7D7939B1E96441F00CB5853 /* Prims.swift in Sources */,
				B7F6F74B1E852FF6005AF787 /* main.swift in Sources */,
				B745FD321E87E4EA009E548A /* PalindromeLL.swift in Sources */,
				67D1A23222EB68EF00862503 /* PalindromicPartition.swift in Sources */,
				B7D19FAA1E8BBA9C00AE628C /* PathBetweenVertex.swift in Sources */,
				67658BA422D44BA700DF304D /* MergeSort.swift in Sources */,
				B7870F121E8640750089FC1F /* MatrixRotation.swift in Sources */,
				B79C48741E9223F0001C9E4C /* BSTSequence.swift in Sources */,
				B7F6F75C1E859F14005AF787 /* FindMatch.swift in Sources */,
				B7DD87721E8E279C00179DA3 /* IsBST.swift in Sources */,
				67669F53230FC2E400CD707B /* ReverseWord.swift in Sources */,
				B7F6F7591E8561F2005AF787 /* OneAway.swift in Sources */,
				67669F46230FC2E400CD707B /* ShortestUnsortedContinuousSubarray.swift in Sources */,
				B722A2091EC456C100E94BF2 /* ReverseEveryWord.swift in Sources */,
				B7870F1A1E86AAEA0089FC1F /* LinkList.swift in Sources */,
				B7F6F7601E859F2E005AF787 /* SelectionSort.swift in Sources */,
				B7F6F75E1E859F23005AF787 /* Insertion.swift in Sources */,
				67669F50230FC2E400CD707B /* KeyboardRow.swift in Sources */,
				B7D19FA21E8AC5A000AE628C /* Graphable.swift in Sources */,
				B7DD87761E8F9C3100179DA3 /* IsBalanced.swift in Sources */,
				B7D19FAC1E8BCEA200AE628C /* BST.swift in Sources */,
				B7F6F7551E853F76005AF787 /* PermutationPalindrome.swift in Sources */,
				B79C48781E92C426001C9E4C /* CheckSubtree.swift in Sources */,
				B77F0C401EADDDB700C558EF /* FloodFill.swift in Sources */,
				B722A2071EC4543E00E94BF2 /* Factorial.swift in Sources */,
				B7253BCD1E89034800514FCC /* Queue.swift in Sources */,
				67669F44230FC2E400CD707B /* NextGreaterElement.swift in Sources */,
				B7870F141E86546B0089FC1F /* StringRotation.swift in Sources */,
				B745FD2B1E873460009E548A /* SumLists.swift in Sources */,
				B72034C21EB062E00085DBC4 /* NQueens.swift in Sources */,
				B745FD301E87A4FE009E548A /* DetectIntersection.swift in Sources */,
				B745FD271E87214B009E548A /* DeleteMiddleNode.swift in Sources */,
				B7D19F991E8A7B7100AE628C /* Tree.swift in Sources */,
				B722A20B1EC466A300E94BF2 /* WrapAnArray.swift in Sources */,
				B79B8A2F1E8D6FB6000AE107 /* MinimalTree.swift in Sources */,
				67D1A23022EB60ED00862503 /* PossiblePaths.swift in Sources */,
				B79C48721E91633D001C9E4C /* CommonAncestor.swift in Sources */,
				B79C487A1E92D075001C9E4C /* RandomNumber.swift in Sources */,
				B7D19F9E1E8AA00200AE628C /* Vertex.swift in Sources */,
				B7F6F7571E8543AE005AF787 /* URLifyString .swift in Sources */,
				67669F49230FC2E400CD707B /* Palindrome.swift in Sources */,
				B7D19FA01E8AA15400AE628C /* Edge.swift in Sources */,
				67669F4A230FC2E400CD707B /* ReverseString.swift in Sources */,
				B7D19FA61E8B9A0C00AE628C /* DFS.swift in Sources */,
				B79C487F1E937B93001C9E4C /* TripleStep.swift in Sources */,
				B75835531E9A11FF00D55E1A /* BellmanFord.swift in Sources */,
				B79C48861E94CBDB001C9E4C /* UnionFindUndirected.swift in Sources */,
				B79C48881E94DEC1001C9E4C /* Kruskal.swift in Sources */,
				B79C48A01E961D3B001C9E4C /* PriorityQueue.swift in Sources */,
				67669F47230FC2E400CD707B /* HammingDistance.swift in Sources */,
				B7D19FA41E8B7EF100AE628C /* AdjacencyList.swift in Sources */,
				B7DD87741E8E6C9200179DA3 /* ListOfDepth.swift in Sources */,
				B722A20D1EC46F8A00E94BF2 /* HigherOrderFunction.swift in Sources */,
				67669F4D230FC2E400CD707B /* Add Two Numbers.swift in Sources */,
				67669F4E230FC2E400CD707B /* Array Partition.swift in Sources */,
				B7F6F7661E859F8B005AF787 /* IntegerDivision.swift in Sources */,
				B724B47F1EB791CE0023AEBE /* ReverseLinkList.swift in Sources */,
				B70314341E86FF4500514ED5 /* RemoveDuplicates.swift in Sources */,
				678877B922E9A67B0057646A /* QuickSort.swift in Sources */,
				67669F4B230FC2E400CD707B /* RomanToInteger.swift in Sources */,
				B722A2111EC4859200E94BF2 /* AbstractSyntaxTree.swift in Sources */,
				B79C48841E94C908001C9E4C /* ConnectedComponent.swift in Sources */,
				B7253BCF1E8930AC00514FCC /* ThreeStackArray.swift in Sources */,
				B79C48761E92240D001C9E4C /* BuildOrder.swift in Sources */,
				B7246E171E9D13C500A756B1 /* FloyadWarshall.swift in Sources */,
				B722A2031EC443A900E94BF2 /* FizzBuzz.swift in Sources */,
				B79C48811E93ADC8001C9E4C /* RobotInAGrid.swift in Sources */,
				B745FD291E8724EC009E548A /* Partition.swift in Sources */,
				67669F4C230FC2E400CD707B /* ReverseInt.swift in Sources */,
				B7870F181E869B200089FC1F /* Node.swift in Sources */,
				67669F4F230FC2E400CD707B /* NumberComplement.swift in Sources */,
				B7D85F1F1EB1BD46002FDAF9 /* HamiltonianPath.swift in Sources */,
			);
			runOnlyForDeploymentPostprocessing = 0;
		};
/* End PBXSourcesBuildPhase section */

/* Begin XCBuildConfiguration section */
		B7F6F74C1E852FF6005AF787 /* Debug */ = {
			isa = XCBuildConfiguration;
			buildSettings = {
				ALWAYS_SEARCH_USER_PATHS = NO;
				CLANG_ANALYZER_LOCALIZABILITY_NONLOCALIZED = YES;
				CLANG_ANALYZER_NONNULL = YES;
				CLANG_CXX_LANGUAGE_STANDARD = "gnu++0x";
				CLANG_CXX_LIBRARY = "libc++";
				CLANG_ENABLE_MODULES = YES;
				CLANG_ENABLE_OBJC_ARC = YES;
				CLANG_WARN_BLOCK_CAPTURE_AUTORELEASING = YES;
				CLANG_WARN_BOOL_CONVERSION = YES;
				CLANG_WARN_COMMA = YES;
				CLANG_WARN_CONSTANT_CONVERSION = YES;
				CLANG_WARN_DEPRECATED_OBJC_IMPLEMENTATIONS = YES;
				CLANG_WARN_DIRECT_OBJC_ISA_USAGE = YES_ERROR;
				CLANG_WARN_DOCUMENTATION_COMMENTS = YES;
				CLANG_WARN_EMPTY_BODY = YES;
				CLANG_WARN_ENUM_CONVERSION = YES;
				CLANG_WARN_INFINITE_RECURSION = YES;
				CLANG_WARN_INT_CONVERSION = YES;
				CLANG_WARN_NON_LITERAL_NULL_CONVERSION = YES;
				CLANG_WARN_OBJC_IMPLICIT_RETAIN_SELF = YES;
				CLANG_WARN_OBJC_LITERAL_CONVERSION = YES;
				CLANG_WARN_OBJC_ROOT_CLASS = YES_ERROR;
				CLANG_WARN_RANGE_LOOP_ANALYSIS = YES;
				CLANG_WARN_STRICT_PROTOTYPES = YES;
				CLANG_WARN_SUSPICIOUS_MOVE = YES;
				CLANG_WARN_UNREACHABLE_CODE = YES;
				CLANG_WARN__DUPLICATE_METHOD_MATCH = YES;
				CODE_SIGN_IDENTITY = "-";
				COPY_PHASE_STRIP = NO;
				DEBUG_INFORMATION_FORMAT = dwarf;
				ENABLE_STRICT_OBJC_MSGSEND = YES;
				ENABLE_TESTABILITY = YES;
				GCC_C_LANGUAGE_STANDARD = gnu99;
				GCC_DYNAMIC_NO_PIC = NO;
				GCC_NO_COMMON_BLOCKS = YES;
				GCC_OPTIMIZATION_LEVEL = 0;
				GCC_PREPROCESSOR_DEFINITIONS = (
					"DEBUG=1",
					"$(inherited)",
				);
				GCC_WARN_64_TO_32_BIT_CONVERSION = YES;
				GCC_WARN_ABOUT_RETURN_TYPE = YES_ERROR;
				GCC_WARN_UNDECLARED_SELECTOR = YES;
				GCC_WARN_UNINITIALIZED_AUTOS = YES_AGGRESSIVE;
				GCC_WARN_UNUSED_FUNCTION = YES;
				GCC_WARN_UNUSED_VARIABLE = YES;
				MACOSX_DEPLOYMENT_TARGET = 10.12;
				MTL_ENABLE_DEBUG_INFO = YES;
				ONLY_ACTIVE_ARCH = YES;
				SDKROOT = macosx;
				SWIFT_OPTIMIZATION_LEVEL = "-Onone";
				SWIFT_VERSION = 4.2;
			};
			name = Debug;
		};
		B7F6F74D1E852FF6005AF787 /* Release */ = {
			isa = XCBuildConfiguration;
			buildSettings = {
				ALWAYS_SEARCH_USER_PATHS = NO;
				CLANG_ANALYZER_LOCALIZABILITY_NONLOCALIZED = YES;
				CLANG_ANALYZER_NONNULL = YES;
				CLANG_CXX_LANGUAGE_STANDARD = "gnu++0x";
				CLANG_CXX_LIBRARY = "libc++";
				CLANG_ENABLE_MODULES = YES;
				CLANG_ENABLE_OBJC_ARC = YES;
				CLANG_WARN_BLOCK_CAPTURE_AUTORELEASING = YES;
				CLANG_WARN_BOOL_CONVERSION = YES;
				CLANG_WARN_COMMA = YES;
				CLANG_WARN_CONSTANT_CONVERSION = YES;
				CLANG_WARN_DEPRECATED_OBJC_IMPLEMENTATIONS = YES;
				CLANG_WARN_DIRECT_OBJC_ISA_USAGE = YES_ERROR;
				CLANG_WARN_DOCUMENTATION_COMMENTS = YES;
				CLANG_WARN_EMPTY_BODY = YES;
				CLANG_WARN_ENUM_CONVERSION = YES;
				CLANG_WARN_INFINITE_RECURSION = YES;
				CLANG_WARN_INT_CONVERSION = YES;
				CLANG_WARN_NON_LITERAL_NULL_CONVERSION = YES;
				CLANG_WARN_OBJC_IMPLICIT_RETAIN_SELF = YES;
				CLANG_WARN_OBJC_LITERAL_CONVERSION = YES;
				CLANG_WARN_OBJC_ROOT_CLASS = YES_ERROR;
				CLANG_WARN_RANGE_LOOP_ANALYSIS = YES;
				CLANG_WARN_STRICT_PROTOTYPES = YES;
				CLANG_WARN_SUSPICIOUS_MOVE = YES;
				CLANG_WARN_UNREACHABLE_CODE = YES;
				CLANG_WARN__DUPLICATE_METHOD_MATCH = YES;
				CODE_SIGN_IDENTITY = "-";
				COPY_PHASE_STRIP = NO;
				DEBUG_INFORMATION_FORMAT = "dwarf-with-dsym";
				ENABLE_NS_ASSERTIONS = NO;
				ENABLE_STRICT_OBJC_MSGSEND = YES;
				GCC_C_LANGUAGE_STANDARD = gnu99;
				GCC_NO_COMMON_BLOCKS = YES;
				GCC_WARN_64_TO_32_BIT_CONVERSION = YES;
				GCC_WARN_ABOUT_RETURN_TYPE = YES_ERROR;
				GCC_WARN_UNDECLARED_SELECTOR = YES;
				GCC_WARN_UNINITIALIZED_AUTOS = YES_AGGRESSIVE;
				GCC_WARN_UNUSED_FUNCTION = YES;
				GCC_WARN_UNUSED_VARIABLE = YES;
				MACOSX_DEPLOYMENT_TARGET = 10.12;
				MTL_ENABLE_DEBUG_INFO = NO;
				SDKROOT = macosx;
				SWIFT_COMPILATION_MODE = wholemodule;
				SWIFT_VERSION = 4.2;
			};
			name = Release;
		};
		B7F6F74F1E852FF6005AF787 /* Debug */ = {
			isa = XCBuildConfiguration;
			buildSettings = {
				PRODUCT_NAME = "$(TARGET_NAME)";
				SWIFT_VERSION = 5.0;
			};
			name = Debug;
		};
		B7F6F7501E852FF6005AF787 /* Release */ = {
			isa = XCBuildConfiguration;
			buildSettings = {
				PRODUCT_NAME = "$(TARGET_NAME)";
				SWIFT_VERSION = 5.0;
			};
			name = Release;
		};
/* End XCBuildConfiguration section */

/* Begin XCConfigurationList section */
		B7F6F7421E852FF6005AF787 /* Build configuration list for PBXProject "Algorithms" */ = {
			isa = XCConfigurationList;
			buildConfigurations = (
				B7F6F74C1E852FF6005AF787 /* Debug */,
				B7F6F74D1E852FF6005AF787 /* Release */,
			);
			defaultConfigurationIsVisible = 0;
			defaultConfigurationName = Release;
		};
		B7F6F74E1E852FF6005AF787 /* Build configuration list for PBXNativeTarget "Algorithms" */ = {
			isa = XCConfigurationList;
			buildConfigurations = (
				B7F6F74F1E852FF6005AF787 /* Debug */,
				B7F6F7501E852FF6005AF787 /* Release */,
			);
			defaultConfigurationIsVisible = 0;
			defaultConfigurationName = Release;
		};
/* End XCConfigurationList section */
	};
	rootObject = B7F6F73F1E852FF6005AF787 /* Project object */;
}
